// !$*UTF8*$!
{
	archiveVersion = 1;
	classes = {
	};
	objectVersion = 77;
	objects = {

/* Begin PBXBuildFile section */
		0635E1F51801CA375D10E1E5 /* SignInShell.swift in Sources */ = {isa = PBXBuildFile; fileRef = 3982CC5A0CA421700FA09534 /* SignInShell.swift */; };
		0BEFB2B58A9259F661FDC760 /* DeviceKey.swift in Sources */ = {isa = PBXBuildFile; fileRef = 160B275247E3A5924861969B /* DeviceKey.swift */; };
		0CB8035598BB2A1C4F963E31 /* ConvexFunctions.swift in Sources */ = {isa = PBXBuildFile; fileRef = 893C59F3DA031CA5D0C2B141 /* ConvexFunctions.swift */; };
		175FED769643F1295AF5F3CB /* BootstrapClient.swift in Sources */ = {isa = PBXBuildFile; fileRef = A77AFFDE129DFE26E3DDA21E /* BootstrapClient.swift */; };
		18A3D64B33FCA7069A8CA097 /* request-proof.json in Resources */ = {isa = PBXBuildFile; fileRef = 7D5900677E6C2A5A588D21F8 /* request-proof.json */; };
		1B04D06C36728973163262BA /* StorageTests.swift in Sources */ = {isa = PBXBuildFile; fileRef = 930F787C27D8364206637A1B /* StorageTests.swift */; };
		1DAC6BDA3CA11057321C149D /* FieldIOSTests.swift in Sources */ = {isa = PBXBuildFile; fileRef = 6AD00CE0DB5536F7ED709072 /* FieldIOSTests.swift */; };
		202ACDE9965B8233D862F667 /* EnrollmentTests.swift in Sources */ = {isa = PBXBuildFile; fileRef = 0608947B65A82B5F8B21C25E /* EnrollmentTests.swift */; };
		2BDE62BDF53EB682186DF75A /* bootstrap-request.json in Resources */ = {isa = PBXBuildFile; fileRef = 767739183D81FA5C48E27C6B /* bootstrap-request.json */; };
		304EF591D286998ACDE79FD6 /* SyncStatus.swift in Sources */ = {isa = PBXBuildFile; fileRef = 55F4CAC5815B97242F3EC921 /* SyncStatus.swift */; };
		3BA188A577C7ABC6E9EE9264 /* push-conflict-response.json in Resources */ = {isa = PBXBuildFile; fileRef = E8082A44DEEB739F2A88B244 /* push-conflict-response.json */; };
		40A01E41B3D2AD453DED068A /* VisitSyncTests.swift in Sources */ = {isa = PBXBuildFile; fileRef = 34E3AD9EF21188447D122D5F /* VisitSyncTests.swift */; };
		4192A817C9B71449CE92A730 /* StubBackend.swift in Sources */ = {isa = PBXBuildFile; fileRef = 770ABB24A61E17AE7FC352FC /* StubBackend.swift */; };
		4D8F664E645626879B9AEA6C /* SupportInfoScreen.swift in Sources */ = {isa = PBXBuildFile; fileRef = FEFC4C65AAB7AE9A26456383 /* SupportInfoScreen.swift */; };
		4E5E84FFA3CC0B9FB9204B61 /* AppEnvironment.swift in Sources */ = {isa = PBXBuildFile; fileRef = EDE9BD20A693C17022A70C2E /* AppEnvironment.swift */; };
		4EA5FE9BB6D34CC90FFD08CD /* CalmComponents.swift in Sources */ = {isa = PBXBuildFile; fileRef = BED6899F18ED0393B156EC02 /* CalmComponents.swift */; };
		50D3189867DEA1C9161472D3 /* bootstrap-next-page.json in Resources */ = {isa = PBXBuildFile; fileRef = 1DEB29BB5BCA56A60F19838E /* bootstrap-next-page.json */; };
		55063507C81D3BB0B43A08C0 /* error-device-revoked.json in Resources */ = {isa = PBXBuildFile; fileRef = E3FC70E4D892097E4F73D1A3 /* error-device-revoked.json */; };
		66152B7CC3D183BDF44BA0F9 /* TodayScreen.swift in Sources */ = {isa = PBXBuildFile; fileRef = 48AB56CF93ABBF177209B6EC /* TodayScreen.swift */; };
		682CE21438CC325CF1A955A3 /* Redaction.swift in Sources */ = {isa = PBXBuildFile; fileRef = 15846A7B74058B323F108CB7 /* Redaction.swift */; };
		6E5A9E4B38E07C096089674E /* FieldIOSUITests.swift in Sources */ = {isa = PBXBuildFile; fileRef = B785ABDBB42BD392458A68C0 /* FieldIOSUITests.swift */; };
		733E9950FCD06E634516E78E /* FieldIOSApp.swift in Sources */ = {isa = PBXBuildFile; fileRef = 643649FC187291287C83F0BA /* FieldIOSApp.swift */; };
		75A7C263CA07E65AEF6DD1D1 /* DesignTokensPreview.swift in Sources */ = {isa = PBXBuildFile; fileRef = 20A2E27FA2580A5F7FD421D1 /* DesignTokensPreview.swift */; };
		76F4C28D8EE6F363EA76CF91 /* VisitSyncClient.swift in Sources */ = {isa = PBXBuildFile; fileRef = 768EE84295679AB410817800 /* VisitSyncClient.swift */; };
		7A245815BC1605BD4C8609F4 /* AuthClient.swift in Sources */ = {isa = PBXBuildFile; fileRef = 4DB5C91CB702257E69CAEEE0 /* AuthClient.swift */; };
		7A3DB86936D018D089DA9D55 /* AuthClientTests.swift in Sources */ = {isa = PBXBuildFile; fileRef = 3ED3ADFB05AAF26B358710EC /* AuthClientTests.swift */; };
		7C05447D9086CD072D7D1C77 /* BackgroundRetry.swift in Sources */ = {isa = PBXBuildFile; fileRef = EAD5B0648D1286B6E477AE6E /* BackgroundRetry.swift */; };
		7FE39A9B633F65B4676BA105 /* push-response.json in Resources */ = {isa = PBXBuildFile; fileRef = B946C0DF3149B4B5D8C4BC60 /* push-response.json */; };
		884915B3BDEA5A9417CB0B60 /* unknown-response-enum.json in Resources */ = {isa = PBXBuildFile; fileRef = 7DDED2ABECDD7CB0659D05CE /* unknown-response-enum.json */; };
		89BC70BD1F6001CC39FF6BCD /* AccountScreen.swift in Sources */ = {isa = PBXBuildFile; fileRef = F1A06A9EAE1322958F12F980 /* AccountScreen.swift */; };
		9182A1271CB203CE9E627C3C /* error-rebootstrap-required.json in Resources */ = {isa = PBXBuildFile; fileRef = 4970557517E1AB641579DE68 /* error-rebootstrap-required.json */; };
		91F5C66ED0720AEAE7975A75 /* DiagnosticOperation.swift in Sources */ = {isa = PBXBuildFile; fileRef = 3F8DAC201386E8BFBC99C007 /* DiagnosticOperation.swift */; };
		9831D95FEC4F68AFE1FC7027 /* push-request.json in Resources */ = {isa = PBXBuildFile; fileRef = 6640C1A4C64EA7140003B018 /* push-request.json */; };
		9D1E244483FED57D037FCE63 /* SQLCipher in Frameworks */ = {isa = PBXBuildFile; productRef = AC26302E2781E047B9486E5D /* SQLCipher */; };
		A5D4C22D5AAF13BD6E131095 /* README.md in Resources */ = {isa = PBXBuildFile; fileRef = A1D7CDEBC506E1AB5A7378A1 /* README.md */; };
		A729B975C7C31FA68373F2A0 /* HTTPClient.swift in Sources */ = {isa = PBXBuildFile; fileRef = 329AC521CDFBA9C961E9A8BB /* HTTPClient.swift */; };
		A91472AFC42E316085668401 /* error-invalid-cursor.json in Resources */ = {isa = PBXBuildFile; fileRef = AC45C982FA7ED153083FD6A4 /* error-invalid-cursor.json */; };
		ACDA87F0B694E9C5EB111761 /* LocationCapture.swift in Sources */ = {isa = PBXBuildFile; fileRef = 655CA3FD10811B759492AE0B /* LocationCapture.swift */; };
		AE5D9252C977345E2344110B /* RequestSigner.swift in Sources */ = {isa = PBXBuildFile; fileRef = 5346E87A86751D4CA1ADD0EE /* RequestSigner.swift */; };
		AE965CF2451DF21709DC5EB3 /* StubURLProtocol.swift in Sources */ = {isa = PBXBuildFile; fileRef = 4F11A6D0B6266CF3FDEB9ECA /* StubURLProtocol.swift */; };
		B54D44E71FB8A694615029E1 /* SupportInfo.swift in Sources */ = {isa = PBXBuildFile; fileRef = 11A0A93E36484BC384ADCD19 /* SupportInfo.swift */; };
		B7E270651827014478F190BE /* BootstrapV1.swift in Sources */ = {isa = PBXBuildFile; fileRef = D9096C036A0AF31336E412AC /* BootstrapV1.swift */; };
		B9930EFB61A77C838ACDCB7A /* DeviceDiagnostics.swift in Sources */ = {isa = PBXBuildFile; fileRef = B93C72F0B9A97637FC1D0062 /* DeviceDiagnostics.swift */; };
		B9CB1F9595BF18411447620E /* BootstrapTests.swift in Sources */ = {isa = PBXBuildFile; fileRef = A6AEF2385449EF460EF630E8 /* BootstrapTests.swift */; };
		C38C66CA66E225B0964FBD37 /* AppModel.swift in Sources */ = {isa = PBXBuildFile; fileRef = 15325CBFB42A9920A73076CC /* AppModel.swift */; };
		CA75BA40598DC97C020E513C /* SecurityHygieneTests.swift in Sources */ = {isa = PBXBuildFile; fileRef = 83B6EE57DB1DE477B02CC0A6 /* SecurityHygieneTests.swift */; };
		CDB18FED2C2B99014C51B699 /* Enrollment.swift in Sources */ = {isa = PBXBuildFile; fileRef = 58B7CCC550A3AFB371BE691A /* Enrollment.swift */; };
		CE08B1385A22CBEF081A54E1 /* SecureStore.swift in Sources */ = {isa = PBXBuildFile; fileRef = A0ABFC89807D314D2B62A458 /* SecureStore.swift */; };
		D0BC8A119084D9DBFC032C5E /* error-version-unsupported.json in Resources */ = {isa = PBXBuildFile; fileRef = 8A77D044066DDCDE07ACC222 /* error-version-unsupported.json */; };
		D0ECAFE17CE94651ED173031 /* SunprideTokens.swift in Sources */ = {isa = PBXBuildFile; fileRef = F2692CA1C06F882E746AF973 /* SunprideTokens.swift */; };
		D2126D522783A4B8F939DC05 /* pull-response.json in Resources */ = {isa = PBXBuildFile; fileRef = DDFEA2A454B80D8F4B00F0B0 /* pull-response.json */; };
		D8CA5082EEAA88C235A1B4AD /* SyncStatusDiagnosticsTests.swift in Sources */ = {isa = PBXBuildFile; fileRef = CA4C96C1D58520ED598A16FB /* SyncStatusDiagnosticsTests.swift */; };
		DC1B6727F5D883AC9A4E241C /* ConvexFunctionsTests.swift in Sources */ = {isa = PBXBuildFile; fileRef = 26021CCFB0A859FEF974770E /* ConvexFunctionsTests.swift */; };
		E1792D6CFC59D318579A3A50 /* DiagnosticVisitScreen.swift in Sources */ = {isa = PBXBuildFile; fileRef = A0D318C2DF743A813CFFBD3F /* DiagnosticVisitScreen.swift */; };
		E6F1B7C6112DB8017BBDAE80 /* pull-request.json in Resources */ = {isa = PBXBuildFile; fileRef = F064ED34C7B006BB8E57065F /* pull-request.json */; };
		ED833DDB513936C536488DFF /* RequestSignerTests.swift in Sources */ = {isa = PBXBuildFile; fileRef = E7E8592F5635E44DE9E4D11C /* RequestSignerTests.swift */; };
		EFA9C16A1D7E676CBD475FE7 /* push-planned-request.json in Resources */ = {isa = PBXBuildFile; fileRef = 4B91CBAB67E1353B27911021 /* push-planned-request.json */; };
		F4028531D1A12F6044CD5E04 /* bootstrap-response.json in Resources */ = {isa = PBXBuildFile; fileRef = 3F819A6A3947D67080FB870C /* bootstrap-response.json */; };
		FDB32474097B7BE3233DD03B /* FieldStore.swift in Sources */ = {isa = PBXBuildFile; fileRef = 8AD96B1A70BA8246D0F2CCCB /* FieldStore.swift */; };
/* End PBXBuildFile section */

/* Begin PBXContainerItemProxy section */
		063944738B2FCD3900B1524A /* PBXContainerItemProxy */ = {
			isa = PBXContainerItemProxy;
			containerPortal = BFF5B8D29BCC2F927E2332E5 /* Project object */;
			proxyType = 1;
			remoteGlobalIDString = EF18BFCEB53EA34520D005BE;
			remoteInfo = FieldIOS;
		};
		E1567C725C90403A29C0821C /* PBXContainerItemProxy */ = {
			isa = PBXContainerItemProxy;
			containerPortal = BFF5B8D29BCC2F927E2332E5 /* Project object */;
			proxyType = 1;
			remoteGlobalIDString = EF18BFCEB53EA34520D005BE;
			remoteInfo = FieldIOS;
		};
/* End PBXContainerItemProxy section */

/* Begin PBXFileReference section */
		0608947B65A82B5F8B21C25E /* EnrollmentTests.swift */ = {isa = PBXFileReference; lastKnownFileType = sourcecode.swift; path = EnrollmentTests.swift; sourceTree = "<group>"; };
		1137443AA8CB19695F43F19E /* Dev.xcconfig */ = {isa = PBXFileReference; lastKnownFileType = text.xcconfig; path = Dev.xcconfig; sourceTree = "<group>"; };
		11A0A93E36484BC384ADCD19 /* SupportInfo.swift */ = {isa = PBXFileReference; lastKnownFileType = sourcecode.swift; path = SupportInfo.swift; sourceTree = "<group>"; };
		15325CBFB42A9920A73076CC /* AppModel.swift */ = {isa = PBXFileReference; lastKnownFileType = sourcecode.swift; path = AppModel.swift; sourceTree = "<group>"; };
		15846A7B74058B323F108CB7 /* Redaction.swift */ = {isa = PBXFileReference; lastKnownFileType = sourcecode.swift; path = Redaction.swift; sourceTree = "<group>"; };
		160B275247E3A5924861969B /* DeviceKey.swift */ = {isa = PBXFileReference; lastKnownFileType = sourcecode.swift; path = DeviceKey.swift; sourceTree = "<group>"; };
		1DEB29BB5BCA56A60F19838E /* bootstrap-next-page.json */ = {isa = PBXFileReference; lastKnownFileType = text.json; path = "bootstrap-next-page.json"; sourceTree = "<group>"; };
		20A2E27FA2580A5F7FD421D1 /* DesignTokensPreview.swift */ = {isa = PBXFileReference; lastKnownFileType = sourcecode.swift; path = DesignTokensPreview.swift; sourceTree = "<group>"; };
		26021CCFB0A859FEF974770E /* ConvexFunctionsTests.swift */ = {isa = PBXFileReference; lastKnownFileType = sourcecode.swift; path = ConvexFunctionsTests.swift; sourceTree = "<group>"; };
		2A61F2253C7ADE1EFCA16D50 /* FieldIOS.app */ = {isa = PBXFileReference; includeInIndex = 0; lastKnownFileType = wrapper.application; path = FieldIOS.app; sourceTree = BUILT_PRODUCTS_DIR; };
		329AC521CDFBA9C961E9A8BB /* HTTPClient.swift */ = {isa = PBXFileReference; lastKnownFileType = sourcecode.swift; path = HTTPClient.swift; sourceTree = "<group>"; };
		34E3AD9EF21188447D122D5F /* VisitSyncTests.swift */ = {isa = PBXFileReference; lastKnownFileType = sourcecode.swift; path = VisitSyncTests.swift; sourceTree = "<group>"; };
		3982CC5A0CA421700FA09534 /* SignInShell.swift */ = {isa = PBXFileReference; lastKnownFileType = sourcecode.swift; path = SignInShell.swift; sourceTree = "<group>"; };
		3ED3ADFB05AAF26B358710EC /* AuthClientTests.swift */ = {isa = PBXFileReference; lastKnownFileType = sourcecode.swift; path = AuthClientTests.swift; sourceTree = "<group>"; };
		3F819A6A3947D67080FB870C /* bootstrap-response.json */ = {isa = PBXFileReference; lastKnownFileType = text.json; path = "bootstrap-response.json"; sourceTree = "<group>"; };
		3F8DAC201386E8BFBC99C007 /* DiagnosticOperation.swift */ = {isa = PBXFileReference; lastKnownFileType = sourcecode.swift; path = DiagnosticOperation.swift; sourceTree = "<group>"; };
		48AB56CF93ABBF177209B6EC /* TodayScreen.swift */ = {isa = PBXFileReference; lastKnownFileType = sourcecode.swift; path = TodayScreen.swift; sourceTree = "<group>"; };
		4970557517E1AB641579DE68 /* error-rebootstrap-required.json */ = {isa = PBXFileReference; lastKnownFileType = text.json; path = "error-rebootstrap-required.json"; sourceTree = "<group>"; };
		4B91CBAB67E1353B27911021 /* push-planned-request.json */ = {isa = PBXFileReference; lastKnownFileType = text.json; path = "push-planned-request.json"; sourceTree = "<group>"; };
		4DB5C91CB702257E69CAEEE0 /* AuthClient.swift */ = {isa = PBXFileReference; lastKnownFileType = sourcecode.swift; path = AuthClient.swift; sourceTree = "<group>"; };
		4F11A6D0B6266CF3FDEB9ECA /* StubURLProtocol.swift */ = {isa = PBXFileReference; lastKnownFileType = sourcecode.swift; path = StubURLProtocol.swift; sourceTree = "<group>"; };
		5346E87A86751D4CA1ADD0EE /* RequestSigner.swift */ = {isa = PBXFileReference; lastKnownFileType = sourcecode.swift; path = RequestSigner.swift; sourceTree = "<group>"; };
		55F4CAC5815B97242F3EC921 /* SyncStatus.swift */ = {isa = PBXFileReference; lastKnownFileType = sourcecode.swift; path = SyncStatus.swift; sourceTree = "<group>"; };
		58B7CCC550A3AFB371BE691A /* Enrollment.swift */ = {isa = PBXFileReference; lastKnownFileType = sourcecode.swift; path = Enrollment.swift; sourceTree = "<group>"; };
		643649FC187291287C83F0BA /* FieldIOSApp.swift */ = {isa = PBXFileReference; lastKnownFileType = sourcecode.swift; path = FieldIOSApp.swift; sourceTree = "<group>"; };
		655CA3FD10811B759492AE0B /* LocationCapture.swift */ = {isa = PBXFileReference; lastKnownFileType = sourcecode.swift; path = LocationCapture.swift; sourceTree = "<group>"; };
		6640C1A4C64EA7140003B018 /* push-request.json */ = {isa = PBXFileReference; lastKnownFileType = text.json; path = "push-request.json"; sourceTree = "<group>"; };
		6AD00CE0DB5536F7ED709072 /* FieldIOSTests.swift */ = {isa = PBXFileReference; lastKnownFileType = sourcecode.swift; path = FieldIOSTests.swift; sourceTree = "<group>"; };
		767739183D81FA5C48E27C6B /* bootstrap-request.json */ = {isa = PBXFileReference; lastKnownFileType = text.json; path = "bootstrap-request.json"; sourceTree = "<group>"; };
		768EE84295679AB410817800 /* VisitSyncClient.swift */ = {isa = PBXFileReference; lastKnownFileType = sourcecode.swift; path = VisitSyncClient.swift; sourceTree = "<group>"; };
		770ABB24A61E17AE7FC352FC /* StubBackend.swift */ = {isa = PBXFileReference; lastKnownFileType = sourcecode.swift; path = StubBackend.swift; sourceTree = "<group>"; };
		7D5900677E6C2A5A588D21F8 /* request-proof.json */ = {isa = PBXFileReference; lastKnownFileType = text.json; name = "request-proof.json"; path = "../../../packages/domain-contracts/fixtures/mobile-v1/crypto/request-proof.json"; sourceTree = "<group>"; };
		7DDED2ABECDD7CB0659D05CE /* unknown-response-enum.json */ = {isa = PBXFileReference; lastKnownFileType = text.json; path = "unknown-response-enum.json"; sourceTree = "<group>"; };
		83B6EE57DB1DE477B02CC0A6 /* SecurityHygieneTests.swift */ = {isa = PBXFileReference; lastKnownFileType = sourcecode.swift; path = SecurityHygieneTests.swift; sourceTree = "<group>"; };
		893C59F3DA031CA5D0C2B141 /* ConvexFunctions.swift */ = {isa = PBXFileReference; lastKnownFileType = sourcecode.swift; path = ConvexFunctions.swift; sourceTree = "<group>"; };
		8A77D044066DDCDE07ACC222 /* error-version-unsupported.json */ = {isa = PBXFileReference; lastKnownFileType = text.json; path = "error-version-unsupported.json"; sourceTree = "<group>"; };
		8AD96B1A70BA8246D0F2CCCB /* FieldStore.swift */ = {isa = PBXFileReference; lastKnownFileType = sourcecode.swift; path = FieldStore.swift; sourceTree = "<group>"; };
		930F787C27D8364206637A1B /* StorageTests.swift */ = {isa = PBXFileReference; lastKnownFileType = sourcecode.swift; path = StorageTests.swift; sourceTree = "<group>"; };
		A0ABFC89807D314D2B62A458 /* SecureStore.swift */ = {isa = PBXFileReference; lastKnownFileType = sourcecode.swift; path = SecureStore.swift; sourceTree = "<group>"; };
		A0D318C2DF743A813CFFBD3F /* DiagnosticVisitScreen.swift */ = {isa = PBXFileReference; lastKnownFileType = sourcecode.swift; path = DiagnosticVisitScreen.swift; sourceTree = "<group>"; };
		A1D7CDEBC506E1AB5A7378A1 /* README.md */ = {isa = PBXFileReference; lastKnownFileType = net.daringfireball.markdown; path = README.md; sourceTree = "<group>"; };
		A6AEF2385449EF460EF630E8 /* BootstrapTests.swift */ = {isa = PBXFileReference; lastKnownFileType = sourcecode.swift; path = BootstrapTests.swift; sourceTree = "<group>"; };
		A77AFFDE129DFE26E3DDA21E /* BootstrapClient.swift */ = {isa = PBXFileReference; lastKnownFileType = sourcecode.swift; path = BootstrapClient.swift; sourceTree = "<group>"; };
		AC45C982FA7ED153083FD6A4 /* error-invalid-cursor.json */ = {isa = PBXFileReference; lastKnownFileType = text.json; path = "error-invalid-cursor.json"; sourceTree = "<group>"; };
		B785ABDBB42BD392458A68C0 /* FieldIOSUITests.swift */ = {isa = PBXFileReference; lastKnownFileType = sourcecode.swift; path = FieldIOSUITests.swift; sourceTree = "<group>"; };
		B93C72F0B9A97637FC1D0062 /* DeviceDiagnostics.swift */ = {isa = PBXFileReference; lastKnownFileType = sourcecode.swift; path = DeviceDiagnostics.swift; sourceTree = "<group>"; };
		B946C0DF3149B4B5D8C4BC60 /* push-response.json */ = {isa = PBXFileReference; lastKnownFileType = text.json; path = "push-response.json"; sourceTree = "<group>"; };
		BED6899F18ED0393B156EC02 /* CalmComponents.swift */ = {isa = PBXFileReference; lastKnownFileType = sourcecode.swift; path = CalmComponents.swift; sourceTree = "<group>"; };
		CA4C96C1D58520ED598A16FB /* SyncStatusDiagnosticsTests.swift */ = {isa = PBXFileReference; lastKnownFileType = sourcecode.swift; path = SyncStatusDiagnosticsTests.swift; sourceTree = "<group>"; };
		CB35C09814D6360660C64B8D /* FieldIOSTests.xctest */ = {isa = PBXFileReference; includeInIndex = 0; lastKnownFileType = wrapper.cfbundle; path = FieldIOSTests.xctest; sourceTree = BUILT_PRODUCTS_DIR; };
		D753F93483B737E31248F64A /* FieldIOSUITests.xctest */ = {isa = PBXFileReference; includeInIndex = 0; lastKnownFileType = wrapper.cfbundle; path = FieldIOSUITests.xctest; sourceTree = BUILT_PRODUCTS_DIR; };
		D9096C036A0AF31336E412AC /* BootstrapV1.swift */ = {isa = PBXFileReference; lastKnownFileType = sourcecode.swift; path = BootstrapV1.swift; sourceTree = "<group>"; };
		DDFEA2A454B80D8F4B00F0B0 /* pull-response.json */ = {isa = PBXFileReference; lastKnownFileType = text.json; path = "pull-response.json"; sourceTree = "<group>"; };
		E3FC70E4D892097E4F73D1A3 /* error-device-revoked.json */ = {isa = PBXFileReference; lastKnownFileType = text.json; path = "error-device-revoked.json"; sourceTree = "<group>"; };
		E7E8592F5635E44DE9E4D11C /* RequestSignerTests.swift */ = {isa = PBXFileReference; lastKnownFileType = sourcecode.swift; path = RequestSignerTests.swift; sourceTree = "<group>"; };
		E8082A44DEEB739F2A88B244 /* push-conflict-response.json */ = {isa = PBXFileReference; lastKnownFileType = text.json; path = "push-conflict-response.json"; sourceTree = "<group>"; };
		EAD5B0648D1286B6E477AE6E /* BackgroundRetry.swift */ = {isa = PBXFileReference; lastKnownFileType = sourcecode.swift; path = BackgroundRetry.swift; sourceTree = "<group>"; };
		EDE9BD20A693C17022A70C2E /* AppEnvironment.swift */ = {isa = PBXFileReference; lastKnownFileType = sourcecode.swift; path = AppEnvironment.swift; sourceTree = "<group>"; };
		F064ED34C7B006BB8E57065F /* pull-request.json */ = {isa = PBXFileReference; lastKnownFileType = text.json; path = "pull-request.json"; sourceTree = "<group>"; };
		F1A06A9EAE1322958F12F980 /* AccountScreen.swift */ = {isa = PBXFileReference; lastKnownFileType = sourcecode.swift; path = AccountScreen.swift; sourceTree = "<group>"; };
		F2692CA1C06F882E746AF973 /* SunprideTokens.swift */ = {isa = PBXFileReference; lastKnownFileType = sourcecode.swift; path = SunprideTokens.swift; sourceTree = "<group>"; };
		FEFC4C65AAB7AE9A26456383 /* SupportInfoScreen.swift */ = {isa = PBXFileReference; lastKnownFileType = sourcecode.swift; path = SupportInfoScreen.swift; sourceTree = "<group>"; };
/* End PBXFileReference section */

/* Begin PBXFrameworksBuildPhase section */
		8414B1E09FFEB54CD0B133EC /* Frameworks */ = {
			isa = PBXFrameworksBuildPhase;
			buildActionMask = 2147483647;
			files = (
				9D1E244483FED57D037FCE63 /* SQLCipher in Frameworks */,
			);
			runOnlyForDeploymentPostprocessing = 0;
		};
/* End PBXFrameworksBuildPhase section */

/* Begin PBXGroup section */
		01335131F7D5DBF087BAC239 /* fixtures */ = {
			isa = PBXGroup;
			children = (
				916EE66B64FF789C19B74D2B /* mobile-v1 */,
			);
			path = fixtures;
			sourceTree = "<group>";
		};
		0C9C34C1417DDE08F30E85B3 /* sunpride-calm-ios */ = {
			isa = PBXGroup;
			children = (
				FA6CC063ED01E836828DD754 /* packages */,
			);
			name = "sunpride-calm-ios";
			path = ../..;
			sourceTree = "<group>";
		};
		106B1D5DCCE6766B43799673 /* App */ = {
			isa = PBXGroup;
			children = (
				EDE9BD20A693C17022A70C2E /* AppEnvironment.swift */,
				15325CBFB42A9920A73076CC /* AppModel.swift */,
				643649FC187291287C83F0BA /* FieldIOSApp.swift */,
				770ABB24A61E17AE7FC352FC /* StubBackend.swift */,
			);
			path = App;
			sourceTree = "<group>";
		};
		1D72856AF512788E2CF10945 /* Auth */ = {
			isa = PBXGroup;
			children = (
				4DB5C91CB702257E69CAEEE0 /* AuthClient.swift */,
				893C59F3DA031CA5D0C2B141 /* ConvexFunctions.swift */,
				329AC521CDFBA9C961E9A8BB /* HTTPClient.swift */,
				15846A7B74058B323F108CB7 /* Redaction.swift */,
				A0ABFC89807D314D2B62A458 /* SecureStore.swift */,
			);
			path = Auth;
			sourceTree = "<group>";
		};
		238AB9FAEF97250A7BD64C20 /* SyncStatus */ = {
			isa = PBXGroup;
			children = (
				FEFC4C65AAB7AE9A26456383 /* SupportInfoScreen.swift */,
				55F4CAC5815B97242F3EC921 /* SyncStatus.swift */,
			);
			path = SyncStatus;
			sourceTree = "<group>";
		};
		4676AE00E28C23855873447B = {
			isa = PBXGroup;
			children = (
				9585BADF164508B23BC159F8 /* Config */,
				733496D32000AFE351CB69D9 /* FieldIOS */,
				63CD728C04E8B9F002293A22 /* FieldIOSTests */,
				57589BF18D89A7CEFB0A74FD /* FieldIOSUITests */,
				0C9C34C1417DDE08F30E85B3 /* sunpride-calm-ios */,
				B54F63CC658DE52485D50D15 /* Products */,
			);
			sourceTree = "<group>";
		};
		52766CED171A97857143FDDF /* DiagnosticVisit */ = {
			isa = PBXGroup;
			children = (
				3F8DAC201386E8BFBC99C007 /* DiagnosticOperation.swift */,
				A0D318C2DF743A813CFFBD3F /* DiagnosticVisitScreen.swift */,
				655CA3FD10811B759492AE0B /* LocationCapture.swift */,
			);
			path = DiagnosticVisit;
			sourceTree = "<group>";
		};
		57589BF18D89A7CEFB0A74FD /* FieldIOSUITests */ = {
			isa = PBXGroup;
			children = (
				B785ABDBB42BD392458A68C0 /* FieldIOSUITests.swift */,
			);
			path = FieldIOSUITests;
			sourceTree = "<group>";
		};
		63CD728C04E8B9F002293A22 /* FieldIOSTests */ = {
			isa = PBXGroup;
			children = (
				3ED3ADFB05AAF26B358710EC /* AuthClientTests.swift */,
				A6AEF2385449EF460EF630E8 /* BootstrapTests.swift */,
				26021CCFB0A859FEF974770E /* ConvexFunctionsTests.swift */,
				0608947B65A82B5F8B21C25E /* EnrollmentTests.swift */,
				6AD00CE0DB5536F7ED709072 /* FieldIOSTests.swift */,
				E7E8592F5635E44DE9E4D11C /* RequestSignerTests.swift */,
				83B6EE57DB1DE477B02CC0A6 /* SecurityHygieneTests.swift */,
				930F787C27D8364206637A1B /* StorageTests.swift */,
				CA4C96C1D58520ED598A16FB /* SyncStatusDiagnosticsTests.swift */,
				34E3AD9EF21188447D122D5F /* VisitSyncTests.swift */,
				EE65A434732E7C95EC46E634 /* Fixtures */,
				F835B55635B96FE9BAB8DABF /* Support */,
			);
			path = FieldIOSTests;
			sourceTree = "<group>";
		};
		6DF8240E71F35F8354888604 /* Config */ = {
			isa = PBXGroup;
			children = (
				A1D7CDEBC506E1AB5A7378A1 /* README.md */,
			);
			path = Config;
			sourceTree = "<group>";
		};
		703D312167685C0412C39035 /* Background */ = {
			isa = PBXGroup;
			children = (
				EAD5B0648D1286B6E477AE6E /* BackgroundRetry.swift */,
			);
			path = Background;
			sourceTree = "<group>";
		};
		733496D32000AFE351CB69D9 /* FieldIOS */ = {
			isa = PBXGroup;
			children = (
				74344EDEC720F8941F15E2E3 /* Resources */,
				F4BABDD70B9888C4B2CAB0F4 /* Sources */,
			);
			path = FieldIOS;
			sourceTree = "<group>";
		};
		74344EDEC720F8941F15E2E3 /* Resources */ = {
			isa = PBXGroup;
			children = (
				6DF8240E71F35F8354888604 /* Config */,
			);
			path = Resources;
			sourceTree = "<group>";
		};
		7ED1588637F297CF94CEBB5B /* UI */ = {
			isa = PBXGroup;
			children = (
				F1A06A9EAE1322958F12F980 /* AccountScreen.swift */,
				BED6899F18ED0393B156EC02 /* CalmComponents.swift */,
				20A2E27FA2580A5F7FD421D1 /* DesignTokensPreview.swift */,
				3982CC5A0CA421700FA09534 /* SignInShell.swift */,
				F2692CA1C06F882E746AF973 /* SunprideTokens.swift */,
				48AB56CF93ABBF177209B6EC /* TodayScreen.swift */,
				52766CED171A97857143FDDF /* DiagnosticVisit */,
				238AB9FAEF97250A7BD64C20 /* SyncStatus */,
			);
			path = UI;
			sourceTree = "<group>";
		};
		916EE66B64FF789C19B74D2B /* mobile-v1 */ = {
			isa = PBXGroup;
			children = (
				1DEB29BB5BCA56A60F19838E /* bootstrap-next-page.json */,
				767739183D81FA5C48E27C6B /* bootstrap-request.json */,
				3F819A6A3947D67080FB870C /* bootstrap-response.json */,
				E3FC70E4D892097E4F73D1A3 /* error-device-revoked.json */,
				AC45C982FA7ED153083FD6A4 /* error-invalid-cursor.json */,
				4970557517E1AB641579DE68 /* error-rebootstrap-required.json */,
				8A77D044066DDCDE07ACC222 /* error-version-unsupported.json */,
				F064ED34C7B006BB8E57065F /* pull-request.json */,
				DDFEA2A454B80D8F4B00F0B0 /* pull-response.json */,
				E8082A44DEEB739F2A88B244 /* push-conflict-response.json */,
				4B91CBAB67E1353B27911021 /* push-planned-request.json */,
				6640C1A4C64EA7140003B018 /* push-request.json */,
				B946C0DF3149B4B5D8C4BC60 /* push-response.json */,
				7DDED2ABECDD7CB0659D05CE /* unknown-response-enum.json */,
			);
			path = "mobile-v1";
			sourceTree = "<group>";
		};
		9585BADF164508B23BC159F8 /* Config */ = {
			isa = PBXGroup;
			children = (
				1137443AA8CB19695F43F19E /* Dev.xcconfig */,
			);
			path = Config;
			sourceTree = "<group>";
		};
		9C791D7E660C7EAF29F55624 /* Diagnostics */ = {
			isa = PBXGroup;
			children = (
				B93C72F0B9A97637FC1D0062 /* DeviceDiagnostics.swift */,
				11A0A93E36484BC384ADCD19 /* SupportInfo.swift */,
			);
			path = Diagnostics;
			sourceTree = "<group>";
		};
		9CB64D577D9021C21C3BC631 /* Device */ = {
			isa = PBXGroup;
			children = (
				160B275247E3A5924861969B /* DeviceKey.swift */,
				58B7CCC550A3AFB371BE691A /* Enrollment.swift */,
				5346E87A86751D4CA1ADD0EE /* RequestSigner.swift */,
			);
			path = Device;
			sourceTree = "<group>";
		};
		B54F63CC658DE52485D50D15 /* Products */ = {
			isa = PBXGroup;
			children = (
				2A61F2253C7ADE1EFCA16D50 /* FieldIOS.app */,
				CB35C09814D6360660C64B8D /* FieldIOSTests.xctest */,
				D753F93483B737E31248F64A /* FieldIOSUITests.xctest */,
			);
			name = Products;
			sourceTree = "<group>";
		};
		CE5DE472765B8EF50D6282D0 /* Storage */ = {
			isa = PBXGroup;
			children = (
				8AD96B1A70BA8246D0F2CCCB /* FieldStore.swift */,
			);
			path = Storage;
			sourceTree = "<group>";
		};
		D37A6BE981E2E46D22B1C74F /* Contracts */ = {
			isa = PBXGroup;
			children = (
				D9096C036A0AF31336E412AC /* BootstrapV1.swift */,
			);
			path = Contracts;
			sourceTree = "<group>";
		};
		D4BA2B8455DA6F35DB46FE07 /* Sync */ = {
			isa = PBXGroup;
			children = (
				A77AFFDE129DFE26E3DDA21E /* BootstrapClient.swift */,
				768EE84295679AB410817800 /* VisitSyncClient.swift */,
				703D312167685C0412C39035 /* Background */,
			);
			path = Sync;
			sourceTree = "<group>";
		};
		EE65A434732E7C95EC46E634 /* Fixtures */ = {
			isa = PBXGroup;
			children = (
				7D5900677E6C2A5A588D21F8 /* request-proof.json */,
			);
			name = Fixtures;
			sourceTree = "<group>";
		};
		F4BABDD70B9888C4B2CAB0F4 /* Sources */ = {
			isa = PBXGroup;
			children = (
				106B1D5DCCE6766B43799673 /* App */,
				1D72856AF512788E2CF10945 /* Auth */,
				D37A6BE981E2E46D22B1C74F /* Contracts */,
				9CB64D577D9021C21C3BC631 /* Device */,
				9C791D7E660C7EAF29F55624 /* Diagnostics */,
				CE5DE472765B8EF50D6282D0 /* Storage */,
				D4BA2B8455DA6F35DB46FE07 /* Sync */,
				7ED1588637F297CF94CEBB5B /* UI */,
			);
			path = Sources;
			sourceTree = "<group>";
		};
		F835B55635B96FE9BAB8DABF /* Support */ = {
			isa = PBXGroup;
			children = (
				4F11A6D0B6266CF3FDEB9ECA /* StubURLProtocol.swift */,
			);
			path = Support;
			sourceTree = "<group>";
		};
		FA569A6EAC02C35157DA6D34 /* domain-contracts */ = {
			isa = PBXGroup;
			children = (
				01335131F7D5DBF087BAC239 /* fixtures */,
			);
			path = "domain-contracts";
			sourceTree = "<group>";
		};
		FA6CC063ED01E836828DD754 /* packages */ = {
			isa = PBXGroup;
			children = (
				FA569A6EAC02C35157DA6D34 /* domain-contracts */,
			);
			path = packages;
			sourceTree = "<group>";
		};
/* End PBXGroup section */

/* Begin PBXNativeTarget section */
		061C61F21454511030229B40 /* FieldIOSTests */ = {
			isa = PBXNativeTarget;
			buildConfigurationList = AFA6055B6DFECE75D8D63AC4 /* Build configuration list for PBXNativeTarget "FieldIOSTests" */;
			buildPhases = (
				1F2D702DC703C35261553747 /* Sources */,
				1152B722EEFC9876CAAA45E0 /* Resources */,
			);
			buildRules = (
			);
			dependencies = (
				95B5879B19A0094166FE9207 /* PBXTargetDependency */,
			);
			name = FieldIOSTests;
			packageProductDependencies = (
			);
			productName = FieldIOSTests;
			productReference = CB35C09814D6360660C64B8D /* FieldIOSTests.xctest */;
			productType = "com.apple.product-type.bundle.unit-test";
		};
		2737A7A91EF26217732350A2 /* FieldIOSUITests */ = {
			isa = PBXNativeTarget;
			buildConfigurationList = 9A74C3BEC7A110A9B6B292A3 /* Build configuration list for PBXNativeTarget "FieldIOSUITests" */;
			buildPhases = (
				1173510A60A29AB8D4D53D4B /* Sources */,
			);
			buildRules = (
			);
			dependencies = (
				8C40C87D0AF5502022828327 /* PBXTargetDependency */,
			);
			name = FieldIOSUITests;
			packageProductDependencies = (
			);
			productName = FieldIOSUITests;
			productReference = D753F93483B737E31248F64A /* FieldIOSUITests.xctest */;
			productType = "com.apple.product-type.bundle.ui-testing";
		};
		EF18BFCEB53EA34520D005BE /* FieldIOS */ = {
			isa = PBXNativeTarget;
			buildConfigurationList = E9A2C34F9D3BD1FE398B2473 /* Build configuration list for PBXNativeTarget "FieldIOS" */;
			buildPhases = (
				B917D41B40CCFAF795260225 /* Sources */,
				1775D140ADDBF83248227833 /* Resources */,
				8414B1E09FFEB54CD0B133EC /* Frameworks */,
			);
			buildRules = (
			);
			dependencies = (
			);
			name = FieldIOS;
			packageProductDependencies = (
				AC26302E2781E047B9486E5D /* SQLCipher */,
			);
			productName = FieldIOS;
			productReference = 2A61F2253C7ADE1EFCA16D50 /* FieldIOS.app */;
			productType = "com.apple.product-type.application";
		};
/* End PBXNativeTarget section */

/* Begin PBXProject section */
		BFF5B8D29BCC2F927E2332E5 /* Project object */ = {
			isa = PBXProject;
			attributes = {
				BuildIndependentTargetsInParallel = YES;
				LastUpgradeCheck = 1430;
				TargetAttributes = {
					061C61F21454511030229B40 = {
						DevelopmentTeam = "";
						ProvisioningStyle = Manual;
					};
					2737A7A91EF26217732350A2 = {
						DevelopmentTeam = "";
						ProvisioningStyle = Manual;
						TestTargetID = EF18BFCEB53EA34520D005BE;
					};
					EF18BFCEB53EA34520D005BE = {
						DevelopmentTeam = "";
						ProvisioningStyle = Manual;
					};
				};
			};
			buildConfigurationList = F75AFA05993C2DCD1463EEED /* Build configuration list for PBXProject "FieldIOS" */;
			developmentRegion = en;
			hasScannedForEncodings = 0;
			knownRegions = (
				Base,
				en,
			);
			mainGroup = 4676AE00E28C23855873447B;
			minimizedProjectReferenceProxies = 1;
			packageReferences = (
				2DD73702B36D88FEF0097BA1 /* XCRemoteSwiftPackageReference "SQLCipher.swift" */,
			);
			preferredProjectObjectVersion = 77;
			productRefGroup = B54F63CC658DE52485D50D15 /* Products */;
			projectDirPath = "";
			projectRoot = "";
			targets = (
				EF18BFCEB53EA34520D005BE /* FieldIOS */,
				061C61F21454511030229B40 /* FieldIOSTests */,
				2737A7A91EF26217732350A2 /* FieldIOSUITests */,
			);
		};
/* End PBXProject section */

/* Begin PBXResourcesBuildPhase section */
		1152B722EEFC9876CAAA45E0 /* Resources */ = {
			isa = PBXResourcesBuildPhase;
			buildActionMask = 2147483647;
			files = (
				50D3189867DEA1C9161472D3 /* bootstrap-next-page.json in Resources */,
				2BDE62BDF53EB682186DF75A /* bootstrap-request.json in Resources */,
				F4028531D1A12F6044CD5E04 /* bootstrap-response.json in Resources */,
				55063507C81D3BB0B43A08C0 /* error-device-revoked.json in Resources */,
				A91472AFC42E316085668401 /* error-invalid-cursor.json in Resources */,
				9182A1271CB203CE9E627C3C /* error-rebootstrap-required.json in Resources */,
				D0BC8A119084D9DBFC032C5E /* error-version-unsupported.json in Resources */,
				E6F1B7C6112DB8017BBDAE80 /* pull-request.json in Resources */,
				D2126D522783A4B8F939DC05 /* pull-response.json in Resources */,
				3BA188A577C7ABC6E9EE9264 /* push-conflict-response.json in Resources */,
				EFA9C16A1D7E676CBD475FE7 /* push-planned-request.json in Resources */,
				9831D95FEC4F68AFE1FC7027 /* push-request.json in Resources */,
				7FE39A9B633F65B4676BA105 /* push-response.json in Resources */,
				18A3D64B33FCA7069A8CA097 /* request-proof.json in Resources */,
				884915B3BDEA5A9417CB0B60 /* unknown-response-enum.json in Resources */,
			);
			runOnlyForDeploymentPostprocessing = 0;
		};
		1775D140ADDBF83248227833 /* Resources */ = {
			isa = PBXResourcesBuildPhase;
			buildActionMask = 2147483647;
			files = (
				A5D4C22D5AAF13BD6E131095 /* README.md in Resources */,
			);
			runOnlyForDeploymentPostprocessing = 0;
		};
/* End PBXResourcesBuildPhase section */

/* Begin PBXSourcesBuildPhase section */
		1173510A60A29AB8D4D53D4B /* Sources */ = {
			isa = PBXSourcesBuildPhase;
			buildActionMask = 2147483647;
			files = (
				6E5A9E4B38E07C096089674E /* FieldIOSUITests.swift in Sources */,
			);
			runOnlyForDeploymentPostprocessing = 0;
		};
		1F2D702DC703C35261553747 /* Sources */ = {
			isa = PBXSourcesBuildPhase;
			buildActionMask = 2147483647;
			files = (
				7A3DB86936D018D089DA9D55 /* AuthClientTests.swift in Sources */,
				B9CB1F9595BF18411447620E /* BootstrapTests.swift in Sources */,
				DC1B6727F5D883AC9A4E241C /* ConvexFunctionsTests.swift in Sources */,
				202ACDE9965B8233D862F667 /* EnrollmentTests.swift in Sources */,
				1DAC6BDA3CA11057321C149D /* FieldIOSTests.swift in Sources */,
				ED833DDB513936C536488DFF /* RequestSignerTests.swift in Sources */,
				CA75BA40598DC97C020E513C /* SecurityHygieneTests.swift in Sources */,
				1B04D06C36728973163262BA /* StorageTests.swift in Sources */,
				AE965CF2451DF21709DC5EB3 /* StubURLProtocol.swift in Sources */,
				D8CA5082EEAA88C235A1B4AD /* SyncStatusDiagnosticsTests.swift in Sources */,
				40A01E41B3D2AD453DED068A /* VisitSyncTests.swift in Sources */,
			);
			runOnlyForDeploymentPostprocessing = 0;
		};
		B917D41B40CCFAF795260225 /* Sources */ = {
			isa = PBXSourcesBuildPhase;
			buildActionMask = 2147483647;
			files = (
				89BC70BD1F6001CC39FF6BCD /* AccountScreen.swift in Sources */,
				4E5E84FFA3CC0B9FB9204B61 /* AppEnvironment.swift in Sources */,
				C38C66CA66E225B0964FBD37 /* AppModel.swift in Sources */,
				7A245815BC1605BD4C8609F4 /* AuthClient.swift in Sources */,
				7C05447D9086CD072D7D1C77 /* BackgroundRetry.swift in Sources */,
				175FED769643F1295AF5F3CB /* BootstrapClient.swift in Sources */,
				B7E270651827014478F190BE /* BootstrapV1.swift in Sources */,
				4EA5FE9BB6D34CC90FFD08CD /* CalmComponents.swift in Sources */,
				0CB8035598BB2A1C4F963E31 /* ConvexFunctions.swift in Sources */,
				75A7C263CA07E65AEF6DD1D1 /* DesignTokensPreview.swift in Sources */,
				B9930EFB61A77C838ACDCB7A /* DeviceDiagnostics.swift in Sources */,
				0BEFB2B58A9259F661FDC760 /* DeviceKey.swift in Sources */,
				91F5C66ED0720AEAE7975A75 /* DiagnosticOperation.swift in Sources */,
				E1792D6CFC59D318579A3A50 /* DiagnosticVisitScreen.swift in Sources */,
				CDB18FED2C2B99014C51B699 /* Enrollment.swift in Sources */,
				733E9950FCD06E634516E78E /* FieldIOSApp.swift in Sources */,
				FDB32474097B7BE3233DD03B /* FieldStore.swift in Sources */,
				A729B975C7C31FA68373F2A0 /* HTTPClient.swift in Sources */,
				ACDA87F0B694E9C5EB111761 /* LocationCapture.swift in Sources */,
				682CE21438CC325CF1A955A3 /* Redaction.swift in Sources */,
				AE5D9252C977345E2344110B /* RequestSigner.swift in Sources */,
				CE08B1385A22CBEF081A54E1 /* SecureStore.swift in Sources */,
				0635E1F51801CA375D10E1E5 /* SignInShell.swift in Sources */,
				4192A817C9B71449CE92A730 /* StubBackend.swift in Sources */,
				D0ECAFE17CE94651ED173031 /* SunprideTokens.swift in Sources */,
				B54D44E71FB8A694615029E1 /* SupportInfo.swift in Sources */,
				4D8F664E645626879B9AEA6C /* SupportInfoScreen.swift in Sources */,
				304EF591D286998ACDE79FD6 /* SyncStatus.swift in Sources */,
				66152B7CC3D183BDF44BA0F9 /* TodayScreen.swift in Sources */,
				76F4C28D8EE6F363EA76CF91 /* VisitSyncClient.swift in Sources */,
			);
			runOnlyForDeploymentPostprocessing = 0;
		};
/* End PBXSourcesBuildPhase section */

/* Begin PBXTargetDependency section */
		8C40C87D0AF5502022828327 /* PBXTargetDependency */ = {
			isa = PBXTargetDependency;
			target = EF18BFCEB53EA34520D005BE /* FieldIOS */;
			targetProxy = 063944738B2FCD3900B1524A /* PBXContainerItemProxy */;
		};
		95B5879B19A0094166FE9207 /* PBXTargetDependency */ = {
			isa = PBXTargetDependency;
			target = EF18BFCEB53EA34520D005BE /* FieldIOS */;
			targetProxy = E1567C725C90403A29C0821C /* PBXContainerItemProxy */;
		};
/* End PBXTargetDependency section */

/* Begin XCBuildConfiguration section */
		1DA6486B2EF8A251B1D721A9 /* Debug-Dev */ = {
			isa = XCBuildConfiguration;
			baseConfigurationReference = 1137443AA8CB19695F43F19E /* Dev.xcconfig */;
			buildSettings = {
				ASSETCATALOG_COMPILER_APPICON_NAME = AppIcon;
				CODE_SIGN_IDENTITY = "iPhone Developer";
				GENERATE_INFOPLIST_FILE = NO;
				INFOPLIST_FILE = FieldIOS/Info.plist;
				LD_RUNPATH_SEARCH_PATHS = (
					"$(inherited)",
					"@executable_path/Frameworks",
				);
				PRODUCT_BUNDLE_IDENTIFIER = com.sunpride.field.dev;
				PRODUCT_MODULE_NAME = FieldIOS;
				PRODUCT_NAME = "Sunpride Field (Dev)";
				SDKROOT = iphoneos;
				TARGETED_DEVICE_FAMILY = "1,2";
			};
			name = "Debug-Dev";
		};
		31F59AA41E5312EA6D505914 /* Debug-Dev */ = {
			isa = XCBuildConfiguration;
			buildSettings = {
				BUNDLE_LOADER = "$(TEST_HOST)";
				GENERATE_INFOPLIST_FILE = YES;
				LD_RUNPATH_SEARCH_PATHS = (
					"$(inherited)",
					"@executable_path/Frameworks",
					"@loader_path/Frameworks",
				);
				PRODUCT_BUNDLE_IDENTIFIER = com.sunpride.field.dev.tests;
				SDKROOT = iphoneos;
				TARGETED_DEVICE_FAMILY = "1,2";
				TEST_HOST = "$(BUILT_PRODUCTS_DIR)/Sunpride Field (Dev).app/$(BUNDLE_EXECUTABLE_FOLDER_PATH)/Sunpride Field (Dev)";
			};
			name = "Debug-Dev";
		};
		39515563CF0984CE2A94EDE5 /* Debug */ = {
			isa = XCBuildConfiguration;
			baseConfigurationReference = 1137443AA8CB19695F43F19E /* Dev.xcconfig */;
			buildSettings = {
				ASSETCATALOG_COMPILER_APPICON_NAME = AppIcon;
				CODE_SIGN_IDENTITY = "iPhone Developer";
				GENERATE_INFOPLIST_FILE = NO;
				INFOPLIST_FILE = FieldIOS/Info.plist;
				LD_RUNPATH_SEARCH_PATHS = (
					"$(inherited)",
					"@executable_path/Frameworks",
				);
				PRODUCT_BUNDLE_IDENTIFIER = com.sunpride.field.dev;
				PRODUCT_MODULE_NAME = FieldIOS;
				PRODUCT_NAME = "Sunpride Field (Dev)";
				SDKROOT = iphoneos;
				TARGETED_DEVICE_FAMILY = "1,2";
			};
			name = Debug;
		};
		3AC3B0C9627C635A5C68ECF5 /* Debug-Dev */ = {
			isa = XCBuildConfiguration;
			buildSettings = {
				BUNDLE_LOADER = "$(TEST_HOST)";
				GENERATE_INFOPLIST_FILE = YES;
				LD_RUNPATH_SEARCH_PATHS = (
					"$(inherited)",
					"@executable_path/Frameworks",
					"@loader_path/Frameworks",
				);
				PRODUCT_BUNDLE_IDENTIFIER = com.sunpride.field.dev.uitests;
				SDKROOT = iphoneos;
				TARGETED_DEVICE_FAMILY = "1,2";
				TEST_TARGET_NAME = FieldIOS;
			};
			name = "Debug-Dev";
		};
		6046E8E61E885FB9DD5A0E11 /* Debug */ = {
			isa = XCBuildConfiguration;
			buildSettings = {
				ALWAYS_SEARCH_USER_PATHS = NO;
				CLANG_ANALYZER_NONNULL = YES;
				CLANG_ANALYZER_NUMBER_OBJECT_CONVERSION = YES_AGGRESSIVE;
				CLANG_CXX_LANGUAGE_STANDARD = "gnu++14";
				CLANG_CXX_LIBRARY = "libc++";
				CLANG_ENABLE_MODULES = YES;
				CLANG_ENABLE_OBJC_ARC = YES;
				CLANG_ENABLE_OBJC_WEAK = YES;
				CLANG_WARN_BLOCK_CAPTURE_AUTORELEASING = YES;
				CLANG_WARN_BOOL_CONVERSION = YES;
				CLANG_WARN_COMMA = YES;
				CLANG_WARN_CONSTANT_CONVERSION = YES;
				CLANG_WARN_DEPRECATED_OBJC_IMPLEMENTATIONS = YES;
				CLANG_WARN_DIRECT_OBJC_ISA_USAGE = YES_ERROR;
				CLANG_WARN_DOCUMENTATION_COMMENTS = YES;
				CLANG_WARN_EMPTY_BODY = YES;
				CLANG_WARN_ENUM_CONVERSION = YES;
				CLANG_WARN_INFINITE_RECURSION = YES;
				CLANG_WARN_INT_CONVERSION = YES;
				CLANG_WARN_NON_LITERAL_NULL_CONVERSION = YES;
				CLANG_WARN_OBJC_IMPLICIT_RETAIN_SELF = YES;
				CLANG_WARN_OBJC_LITERAL_CONVERSION = YES;
				CLANG_WARN_OBJC_ROOT_CLASS = YES_ERROR;
				CLANG_WARN_QUOTED_INCLUDE_IN_FRAMEWORK_HEADER = YES;
				CLANG_WARN_RANGE_LOOP_ANALYSIS = YES;
				CLANG_WARN_STRICT_PROTOTYPES = YES;
				CLANG_WARN_SUSPICIOUS_MOVE = YES;
				CLANG_WARN_UNGUARDED_AVAILABILITY = YES_AGGRESSIVE;
				CLANG_WARN_UNREACHABLE_CODE = YES;
				CLANG_WARN__DUPLICATE_METHOD_MATCH = YES;
				CODE_SIGNING_ALLOWED = NO;
				"CODE_SIGNING_ALLOWED[sdk=iphonesimulator*]" = YES;
				"CODE_SIGN_IDENTITY[sdk=iphonesimulator*]" = "-";
				CODE_SIGN_STYLE = Manual;
				COPY_PHASE_STRIP = NO;
				DEBUG_INFORMATION_FORMAT = dwarf;
				DEVELOPMENT_TEAM = "";
				ENABLE_STRICT_OBJC_MSGSEND = YES;
				ENABLE_TESTABILITY = YES;
				GCC_C_LANGUAGE_STANDARD = gnu11;
				GCC_DYNAMIC_NO_PIC = NO;
				GCC_NO_COMMON_BLOCKS = YES;
				GCC_OPTIMIZATION_LEVEL = 0;
				GCC_PREPROCESSOR_DEFINITIONS = (
					"$(inherited)",
					"DEBUG=1",
				);
				GCC_WARN_64_TO_32_BIT_CONVERSION = YES;
				GCC_WARN_ABOUT_RETURN_TYPE = YES_ERROR;
				GCC_WARN_UNDECLARED_SELECTOR = YES;
				GCC_WARN_UNINITIALIZED_AUTOS = YES_AGGRESSIVE;
				GCC_WARN_UNUSED_FUNCTION = YES;
				GCC_WARN_UNUSED_VARIABLE = YES;
				IPHONEOS_DEPLOYMENT_TARGET = 26.0;
				MTL_ENABLE_DEBUG_INFO = INCLUDE_SOURCE;
				MTL_FAST_MATH = YES;
				ONLY_ACTIVE_ARCH = YES;
				PRODUCT_NAME = "$(TARGET_NAME)";
				SDKROOT = iphoneos;
				SWIFT_ACTIVE_COMPILATION_CONDITIONS = DEBUG;
				SWIFT_OPTIMIZATION_LEVEL = "-Onone";
				SWIFT_VERSION = 6.0;
				TARGETED_DEVICE_FAMILY = "1,2";
			};
			name = Debug;
		};
		7626C958DF44B34F2BADE164 /* Debug */ = {
			isa = XCBuildConfiguration;
			buildSettings = {
				BUNDLE_LOADER = "$(TEST_HOST)";
				GENERATE_INFOPLIST_FILE = YES;
				LD_RUNPATH_SEARCH_PATHS = (
					"$(inherited)",
					"@executable_path/Frameworks",
					"@loader_path/Frameworks",
				);
				PRODUCT_BUNDLE_IDENTIFIER = com.sunpride.field.dev.tests;
				SDKROOT = iphoneos;
				TARGETED_DEVICE_FAMILY = "1,2";
				TEST_HOST = "$(BUILT_PRODUCTS_DIR)/Sunpride Field (Dev).app/$(BUNDLE_EXECUTABLE_FOLDER_PATH)/Sunpride Field (Dev)";
			};
			name = Debug;
		};
		7A6B14E26812BABDCCB3822B /* Debug */ = {
			isa = XCBuildConfiguration;
			buildSettings = {
				BUNDLE_LOADER = "$(TEST_HOST)";
				GENERATE_INFOPLIST_FILE = YES;
				LD_RUNPATH_SEARCH_PATHS = (
					"$(inherited)",
					"@executable_path/Frameworks",
					"@loader_path/Frameworks",
				);
				PRODUCT_BUNDLE_IDENTIFIER = com.sunpride.field.dev.uitests;
				SDKROOT = iphoneos;
				TARGETED_DEVICE_FAMILY = "1,2";
				TEST_TARGET_NAME = FieldIOS;
			};
			name = Debug;
		};
		9523DA115C037F51B7BE64F0 /* Debug-Dev */ = {
			isa = XCBuildConfiguration;
			buildSettings = {
				ALWAYS_SEARCH_USER_PATHS = NO;
				CLANG_ANALYZER_NONNULL = YES;
				CLANG_ANALYZER_NUMBER_OBJECT_CONVERSION = YES_AGGRESSIVE;
				CLANG_CXX_LANGUAGE_STANDARD = "gnu++14";
				CLANG_CXX_LIBRARY = "libc++";
				CLANG_ENABLE_MODULES = YES;
				CLANG_ENABLE_OBJC_ARC = YES;
				CLANG_ENABLE_OBJC_WEAK = YES;
				CLANG_WARN_BLOCK_CAPTURE_AUTORELEASING = YES;
				CLANG_WARN_BOOL_CONVERSION = YES;
				CLANG_WARN_COMMA = YES;
				CLANG_WARN_CONSTANT_CONVERSION = YES;
				CLANG_WARN_DEPRECATED_OBJC_IMPLEMENTATIONS = YES;
				CLANG_WARN_DIRECT_OBJC_ISA_USAGE = YES_ERROR;
				CLANG_WARN_DOCUMENTATION_COMMENTS = YES;
				CLANG_WARN_EMPTY_BODY = YES;
				CLANG_WARN_ENUM_CONVERSION = YES;
				CLANG_WARN_INFINITE_RECURSION = YES;
				CLANG_WARN_INT_CONVERSION = YES;
				CLANG_WARN_NON_LITERAL_NULL_CONVERSION = YES;
				CLANG_WARN_OBJC_IMPLICIT_RETAIN_SELF = YES;
				CLANG_WARN_OBJC_LITERAL_CONVERSION = YES;
				CLANG_WARN_OBJC_ROOT_CLASS = YES_ERROR;
				CLANG_WARN_QUOTED_INCLUDE_IN_FRAMEWORK_HEADER = YES;
				CLANG_WARN_RANGE_LOOP_ANALYSIS = YES;
				CLANG_WARN_STRICT_PROTOTYPES = YES;
				CLANG_WARN_SUSPICIOUS_MOVE = YES;
				CLANG_WARN_UNGUARDED_AVAILABILITY = YES_AGGRESSIVE;
				CLANG_WARN_UNREACHABLE_CODE = YES;
				CLANG_WARN__DUPLICATE_METHOD_MATCH = YES;
				CODE_SIGNING_ALLOWED = NO;
				"CODE_SIGNING_ALLOWED[sdk=iphonesimulator*]" = YES;
				"CODE_SIGN_IDENTITY[sdk=iphonesimulator*]" = "-";
				CODE_SIGN_STYLE = Manual;
				COPY_PHASE_STRIP = NO;
				DEBUG_INFORMATION_FORMAT = dwarf;
				DEVELOPMENT_TEAM = "";
				ENABLE_STRICT_OBJC_MSGSEND = YES;
				ENABLE_TESTABILITY = YES;
				GCC_C_LANGUAGE_STANDARD = gnu11;
				GCC_DYNAMIC_NO_PIC = NO;
				GCC_NO_COMMON_BLOCKS = YES;
				GCC_OPTIMIZATION_LEVEL = 0;
				GCC_PREPROCESSOR_DEFINITIONS = (
					"$(inherited)",
					"DEBUG=1",
				);
				GCC_WARN_64_TO_32_BIT_CONVERSION = YES;
				GCC_WARN_ABOUT_RETURN_TYPE = YES_ERROR;
				GCC_WARN_UNDECLARED_SELECTOR = YES;
				GCC_WARN_UNINITIALIZED_AUTOS = YES_AGGRESSIVE;
				GCC_WARN_UNUSED_FUNCTION = YES;
				GCC_WARN_UNUSED_VARIABLE = YES;
				IPHONEOS_DEPLOYMENT_TARGET = 26.0;
				MTL_ENABLE_DEBUG_INFO = INCLUDE_SOURCE;
				MTL_FAST_MATH = YES;
				ONLY_ACTIVE_ARCH = YES;
				PRODUCT_NAME = "$(TARGET_NAME)";
				SDKROOT = iphoneos;
				SWIFT_ACTIVE_COMPILATION_CONDITIONS = DEBUG;
				SWIFT_OPTIMIZATION_LEVEL = "-Onone";
				SWIFT_VERSION = 6.0;
				TARGETED_DEVICE_FAMILY = "1,2";
			};
			name = "Debug-Dev";
		};
		AB4EBAA909B8DD89E66CF99C /* Release */ = {
			isa = XCBuildConfiguration;
			buildSettings = {
				ALWAYS_SEARCH_USER_PATHS = NO;
				CLANG_ANALYZER_NONNULL = YES;
				CLANG_ANALYZER_NUMBER_OBJECT_CONVERSION = YES_AGGRESSIVE;
				CLANG_CXX_LANGUAGE_STANDARD = "gnu++14";
				CLANG_CXX_LIBRARY = "libc++";
				CLANG_ENABLE_MODULES = YES;
				CLANG_ENABLE_OBJC_ARC = YES;
				CLANG_ENABLE_OBJC_WEAK = YES;
				CLANG_WARN_BLOCK_CAPTURE_AUTORELEASING = YES;
				CLANG_WARN_BOOL_CONVERSION = YES;
				CLANG_WARN_COMMA = YES;
				CLANG_WARN_CONSTANT_CONVERSION = YES;
				CLANG_WARN_DEPRECATED_OBJC_IMPLEMENTATIONS = YES;
				CLANG_WARN_DIRECT_OBJC_ISA_USAGE = YES_ERROR;
				CLANG_WARN_DOCUMENTATION_COMMENTS = YES;
				CLANG_WARN_EMPTY_BODY = YES;
				CLANG_WARN_ENUM_CONVERSION = YES;
				CLANG_WARN_INFINITE_RECURSION = YES;
				CLANG_WARN_INT_CONVERSION = YES;
				CLANG_WARN_NON_LITERAL_NULL_CONVERSION = YES;
				CLANG_WARN_OBJC_IMPLICIT_RETAIN_SELF = YES;
				CLANG_WARN_OBJC_LITERAL_CONVERSION = YES;
				CLANG_WARN_OBJC_ROOT_CLASS = YES_ERROR;
				CLANG_WARN_QUOTED_INCLUDE_IN_FRAMEWORK_HEADER = YES;
				CLANG_WARN_RANGE_LOOP_ANALYSIS = YES;
				CLANG_WARN_STRICT_PROTOTYPES = YES;
				CLANG_WARN_SUSPICIOUS_MOVE = YES;
				CLANG_WARN_UNGUARDED_AVAILABILITY = YES_AGGRESSIVE;
				CLANG_WARN_UNREACHABLE_CODE = YES;
				CLANG_WARN__DUPLICATE_METHOD_MATCH = YES;
				CODE_SIGNING_ALLOWED = NO;
				"CODE_SIGNING_ALLOWED[sdk=iphonesimulator*]" = YES;
				"CODE_SIGN_IDENTITY[sdk=iphonesimulator*]" = "-";
				CODE_SIGN_STYLE = Manual;
				COPY_PHASE_STRIP = NO;
				DEBUG_INFORMATION_FORMAT = "dwarf-with-dsym";
				DEVELOPMENT_TEAM = "";
				ENABLE_NS_ASSERTIONS = NO;
				ENABLE_STRICT_OBJC_MSGSEND = YES;
				GCC_C_LANGUAGE_STANDARD = gnu11;
				GCC_NO_COMMON_BLOCKS = YES;
				GCC_WARN_64_TO_32_BIT_CONVERSION = YES;
				GCC_WARN_ABOUT_RETURN_TYPE = YES_ERROR;
				GCC_WARN_UNDECLARED_SELECTOR = YES;
				GCC_WARN_UNINITIALIZED_AUTOS = YES_AGGRESSIVE;
				GCC_WARN_UNUSED_FUNCTION = YES;
				GCC_WARN_UNUSED_VARIABLE = YES;
				IPHONEOS_DEPLOYMENT_TARGET = 26.0;
				MTL_ENABLE_DEBUG_INFO = NO;
				MTL_FAST_MATH = YES;
				PRODUCT_NAME = "$(TARGET_NAME)";
				SDKROOT = iphoneos;
				SWIFT_COMPILATION_MODE = wholemodule;
				SWIFT_OPTIMIZATION_LEVEL = "-O";
				SWIFT_VERSION = 6.0;
				TARGETED_DEVICE_FAMILY = "1,2";
			};
			name = Release;
		};
		C432E9D4A5C3EBF78BA20492 /* Release */ = {
			isa = XCBuildConfiguration;
			buildSettings = {
				BUNDLE_LOADER = "$(TEST_HOST)";
				GENERATE_INFOPLIST_FILE = YES;
				LD_RUNPATH_SEARCH_PATHS = (
					"$(inherited)",
					"@executable_path/Frameworks",
					"@loader_path/Frameworks",
				);
				PRODUCT_BUNDLE_IDENTIFIER = com.sunpride.field.dev.uitests;
				SDKROOT = iphoneos;
				TARGETED_DEVICE_FAMILY = "1,2";
				TEST_TARGET_NAME = FieldIOS;
			};
			name = Release;
		};
		FB756428F35C5D1A1F2E67E4 /* Release */ = {
			isa = XCBuildConfiguration;
			baseConfigurationReference = 1137443AA8CB19695F43F19E /* Dev.xcconfig */;
			buildSettings = {
				ASSETCATALOG_COMPILER_APPICON_NAME = AppIcon;
				CODE_SIGN_IDENTITY = "iPhone Developer";
				GENERATE_INFOPLIST_FILE = NO;
				INFOPLIST_FILE = FieldIOS/Info.plist;
				LD_RUNPATH_SEARCH_PATHS = (
					"$(inherited)",
					"@executable_path/Frameworks",
				);
				PRODUCT_BUNDLE_IDENTIFIER = com.sunpride.field.dev;
				PRODUCT_MODULE_NAME = FieldIOS;
				PRODUCT_NAME = "Sunpride Field (Dev)";
				SDKROOT = iphoneos;
				TARGETED_DEVICE_FAMILY = "1,2";
			};
			name = Release;
		};
		FE0BC703AD0C7898C4B13E71 /* Release */ = {
			isa = XCBuildConfiguration;
			buildSettings = {
				BUNDLE_LOADER = "$(TEST_HOST)";
				GENERATE_INFOPLIST_FILE = YES;
				LD_RUNPATH_SEARCH_PATHS = (
					"$(inherited)",
					"@executable_path/Frameworks",
					"@loader_path/Frameworks",
				);
				PRODUCT_BUNDLE_IDENTIFIER = com.sunpride.field.dev.tests;
				SDKROOT = iphoneos;
				TARGETED_DEVICE_FAMILY = "1,2";
				TEST_HOST = "$(BUILT_PRODUCTS_DIR)/Sunpride Field (Dev).app/$(BUNDLE_EXECUTABLE_FOLDER_PATH)/Sunpride Field (Dev)";
			};
			name = Release;
		};
/* End XCBuildConfiguration section */

/* Begin XCConfigurationList section */
		9A74C3BEC7A110A9B6B292A3 /* Build configuration list for PBXNativeTarget "FieldIOSUITests" */ = {
			isa = XCConfigurationList;
			buildConfigurations = (
				7A6B14E26812BABDCCB3822B /* Debug */,
				3AC3B0C9627C635A5C68ECF5 /* Debug-Dev */,
				C432E9D4A5C3EBF78BA20492 /* Release */,
			);
			defaultConfigurationIsVisible = 0;
			defaultConfigurationName = Debug;
		};
		AFA6055B6DFECE75D8D63AC4 /* Build configuration list for PBXNativeTarget "FieldIOSTests" */ = {
			isa = XCConfigurationList;
			buildConfigurations = (
				7626C958DF44B34F2BADE164 /* Debug */,
				31F59AA41E5312EA6D505914 /* Debug-Dev */,
				FE0BC703AD0C7898C4B13E71 /* Release */,
			);
			defaultConfigurationIsVisible = 0;
			defaultConfigurationName = Debug;
		};
		E9A2C34F9D3BD1FE398B2473 /* Build configuration list for PBXNativeTarget "FieldIOS" */ = {
			isa = XCConfigurationList;
			buildConfigurations = (
				39515563CF0984CE2A94EDE5 /* Debug */,
				1DA6486B2EF8A251B1D721A9 /* Debug-Dev */,
				FB756428F35C5D1A1F2E67E4 /* Release */,
			);
			defaultConfigurationIsVisible = 0;
			defaultConfigurationName = Debug;
		};
		F75AFA05993C2DCD1463EEED /* Build configuration list for PBXProject "FieldIOS" */ = {
			isa = XCConfigurationList;
			buildConfigurations = (
				6046E8E61E885FB9DD5A0E11 /* Debug */,
				9523DA115C037F51B7BE64F0 /* Debug-Dev */,
				AB4EBAA909B8DD89E66CF99C /* Release */,
			);
			defaultConfigurationIsVisible = 0;
			defaultConfigurationName = Debug;
		};
/* End XCConfigurationList section */

/* Begin XCRemoteSwiftPackageReference section */
		2DD73702B36D88FEF0097BA1 /* XCRemoteSwiftPackageReference "SQLCipher.swift" */ = {
			isa = XCRemoteSwiftPackageReference;
			repositoryURL = "https://github.com/sqlcipher/SQLCipher.swift.git";
			requirement = {
				kind = exactVersion;
				version = 4.10.0;
			};
		};
/* End XCRemoteSwiftPackageReference section */

/* Begin XCSwiftPackageProductDependency section */
		AC26302E2781E047B9486E5D /* SQLCipher */ = {
			isa = XCSwiftPackageProductDependency;
			package = 2DD73702B36D88FEF0097BA1 /* XCRemoteSwiftPackageReference "SQLCipher.swift" */;
			productName = SQLCipher;
		};
/* End XCSwiftPackageProductDependency section */
	};
	rootObject = BFF5B8D29BCC2F927E2332E5 /* Project object */;
}
