// !$*UTF8*$!
{
	archiveVersion = 1;
	classes = {
	};
	objectVersion = 77;
	objects = {

/* Begin PBXBuildFile section */
		02852C8DBAB61B0857F912E4 /* CustomerScreens.swift in Sources */ = {isa = PBXBuildFile; fileRef = 31267DE5AFA48C28C8852168 /* CustomerScreens.swift */; };
		02F803B2E047978CBA900C19 /* CustomerDirectoryTests.swift in Sources */ = {isa = PBXBuildFile; fileRef = 41F76A2DF05B3D436873561C /* CustomerDirectoryTests.swift */; };
		0635E1F51801CA375D10E1E5 /* SignInShell.swift in Sources */ = {isa = PBXBuildFile; fileRef = 3982CC5A0CA421700FA09534 /* SignInShell.swift */; };
		06B170C3489596E4CA922C54 /* OrderSubmission.swift in Sources */ = {isa = PBXBuildFile; fileRef = 0232CDA50AA2025D76A73E4A /* OrderSubmission.swift */; };
		0BEFB2B58A9259F661FDC760 /* DeviceKey.swift in Sources */ = {isa = PBXBuildFile; fileRef = 160B275247E3A5924861969B /* DeviceKey.swift */; };
		0CB8035598BB2A1C4F963E31 /* ConvexFunctions.swift in Sources */ = {isa = PBXBuildFile; fileRef = 893C59F3DA031CA5D0C2B141 /* ConvexFunctions.swift */; };
		15D1F33EEC52A6403144B4D7 /* EvidencePhotosTests.swift in Sources */ = {isa = PBXBuildFile; fileRef = 899109121F5460C8B58B9B8E /* EvidencePhotosTests.swift */; };
		16DBA2A7BFE691CBD3C886B7 /* KeychainBiometricCrypto.swift in Sources */ = {isa = PBXBuildFile; fileRef = D3CF82D38EC8EC88514A5D79 /* KeychainBiometricCrypto.swift */; };
		171531F31AF24FEAD2530970 /* bootstrap-response.json in Resources */ = {isa = PBXBuildFile; fileRef = 32824B6D50460C1181FF20D6 /* bootstrap-response.json */; };
		175FED769643F1295AF5F3CB /* BootstrapClient.swift in Sources */ = {isa = PBXBuildFile; fileRef = A77AFFDE129DFE26E3DDA21E /* BootstrapClient.swift */; };
		18A3D64B33FCA7069A8CA097 /* request-proof.json in Resources */ = {isa = PBXBuildFile; fileRef = 7D5900677E6C2A5A588D21F8 /* request-proof.json */; };
		1A31FB31DA2821804428C5D8 /* FieldDayCallTests.swift in Sources */ = {isa = PBXBuildFile; fileRef = 935415C15AFDBF5B04EEF4B6 /* FieldDayCallTests.swift */; };
		1B04D06C36728973163262BA /* StorageTests.swift in Sources */ = {isa = PBXBuildFile; fileRef = 930F787C27D8364206637A1B /* StorageTests.swift */; };
		1DAC6BDA3CA11057321C149D /* FieldIOSTests.swift in Sources */ = {isa = PBXBuildFile; fileRef = 6AD00CE0DB5536F7ED709072 /* FieldIOSTests.swift */; };
		202ACDE9965B8233D862F667 /* EnrollmentTests.swift in Sources */ = {isa = PBXBuildFile; fileRef = 0608947B65A82B5F8B21C25E /* EnrollmentTests.swift */; };
		2105A5A953023683EA6E77F6 /* OrderDraftScreen.swift in Sources */ = {isa = PBXBuildFile; fileRef = CBD705E267441E239AD86BB8 /* OrderDraftScreen.swift */; };
		217BEC3467657F6FFBFBFF2B /* BiometricGate.swift in Sources */ = {isa = PBXBuildFile; fileRef = 6E685772F0949EAE80DB7D32 /* BiometricGate.swift */; };
		21B5FF7A7CE9A4FEDF769461 /* SuggestedOrderTests.swift in Sources */ = {isa = PBXBuildFile; fileRef = 0CB6C99227CFEC3013BC36D8 /* SuggestedOrderTests.swift */; };
		244F57CC63B49B95384DA412 /* CustomerDirectory.swift in Sources */ = {isa = PBXBuildFile; fileRef = 3754A93F3B24E554D1DA1A76 /* CustomerDirectory.swift */; };
		2829545B0F64608A87B314DD /* SuggestedOrder.swift in Sources */ = {isa = PBXBuildFile; fileRef = 0AFCBFADBB76F8CF1DBB9935 /* SuggestedOrder.swift */; };
		296F893B61E8A5BD4F7DCE75 /* CallSheet.swift in Sources */ = {isa = PBXBuildFile; fileRef = 2940D6571ED66ECA44D1992C /* CallSheet.swift */; };
		29EC1BBD3C5C7EC493E7F6EF /* VisitLocationTests.swift in Sources */ = {isa = PBXBuildFile; fileRef = 9540F232820E11D296CE31F1 /* VisitLocationTests.swift */; };
		2CD16D3ACE5DE7C6A97838A3 /* OrderTerms.swift in Sources */ = {isa = PBXBuildFile; fileRef = A8C971B1683E91AA45EED32C /* OrderTerms.swift */; };
		2D2AF89E1DE8A888F5B8C173 /* DailyRoute.swift in Sources */ = {isa = PBXBuildFile; fileRef = CCFDE73882F9D934C843B5EE /* DailyRoute.swift */; };
		2F379174EE9686A0D901E4B4 /* BiometricSession.swift in Sources */ = {isa = PBXBuildFile; fileRef = D0AE4946DEA6AE60241C1247 /* BiometricSession.swift */; };
		304EF591D286998ACDE79FD6 /* SyncStatus.swift in Sources */ = {isa = PBXBuildFile; fileRef = 55F4CAC5815B97242F3EC921 /* SyncStatus.swift */; };
		32BC1EB510F307DA4A1D3315 /* error-invalid-cursor.json in Resources */ = {isa = PBXBuildFile; fileRef = EAEF9CED686F0B49C5EE110B /* error-invalid-cursor.json */; };
		34691292CEA085E6E82111B3 /* ActivityForms.swift in Sources */ = {isa = PBXBuildFile; fileRef = D39063EF6CE3A5BE2190F4F2 /* ActivityForms.swift */; };
		3ACFCC355E1E051E4ABB80F6 /* error-rebootstrap-required.json in Resources */ = {isa = PBXBuildFile; fileRef = 57716CF3D48C093E8220EB4A /* error-rebootstrap-required.json */; };
		3D4869EAB48106A22F41BFBA /* bootstrap-call-sheet-response.json in Resources */ = {isa = PBXBuildFile; fileRef = 4E5AE930A16D4136A1E605B8 /* bootstrap-call-sheet-response.json */; };
		40A01E41B3D2AD453DED068A /* VisitSyncTests.swift in Sources */ = {isa = PBXBuildFile; fileRef = 34E3AD9EF21188447D122D5F /* VisitSyncTests.swift */; };
		40A82C3760C3EB7D9AC99417 /* ActivityRules.swift in Sources */ = {isa = PBXBuildFile; fileRef = 3AC500217A755E119ECC80EC /* ActivityRules.swift */; };
		4161B8A1B39663F5D47C834A /* pull-response.json in Resources */ = {isa = PBXBuildFile; fileRef = E614A6771F881395A0F94D2F /* pull-response.json */; };
		4192A817C9B71449CE92A730 /* StubBackend.swift in Sources */ = {isa = PBXBuildFile; fileRef = 770ABB24A61E17AE7FC352FC /* StubBackend.swift */; };
		44FBFF840E7DF716C4E7502F /* for-outlet.json in Resources */ = {isa = PBXBuildFile; fileRef = 8DCA38D5B2C9442A869541B6 /* for-outlet.json */; };
		455BC3DC77308B8579B81D45 /* push-conflict-response.json in Resources */ = {isa = PBXBuildFile; fileRef = 37B8B52984200455215C32E8 /* push-conflict-response.json */; };
		484419BBDF9801E380B47DBC /* CallSheetTests.swift in Sources */ = {isa = PBXBuildFile; fileRef = 6212BDC1724FBEC20D95D50E /* CallSheetTests.swift */; };
		490FAB2ECEB68A03A60CB2F4 /* error-device-revoked.json in Resources */ = {isa = PBXBuildFile; fileRef = BF83A82C5E32866D005C51B1 /* error-device-revoked.json */; };
		4A03784790F64D3E02CA01BD /* ActivityFormScreen.swift in Sources */ = {isa = PBXBuildFile; fileRef = F072C2C0D065CC10D1C8C225 /* ActivityFormScreen.swift */; };
		4D8F664E645626879B9AEA6C /* SupportInfoScreen.swift in Sources */ = {isa = PBXBuildFile; fileRef = FEFC4C65AAB7AE9A26456383 /* SupportInfoScreen.swift */; };
		4E3BD2484E540D5C79C8914A /* OrderSubmissionTests.swift in Sources */ = {isa = PBXBuildFile; fileRef = A921334D7FCBE8C314ECCF26 /* OrderSubmissionTests.swift */; };
		4E5E84FFA3CC0B9FB9204B61 /* AppEnvironment.swift in Sources */ = {isa = PBXBuildFile; fileRef = EDE9BD20A693C17022A70C2E /* AppEnvironment.swift */; };
		4EA5FE9BB6D34CC90FFD08CD /* CalmComponents.swift in Sources */ = {isa = PBXBuildFile; fileRef = BED6899F18ED0393B156EC02 /* CalmComponents.swift */; };
		4F80033D6A25761CA4349BB3 /* push-request.json in Resources */ = {isa = PBXBuildFile; fileRef = 733EBE0BBDDB64004F6D6E5F /* push-request.json */; };
		571B178147B6E3E104BA9303 /* ChaosSyncTests.swift in Sources */ = {isa = PBXBuildFile; fileRef = 4A505BCF5D8A39218B2AA94E /* ChaosSyncTests.swift */; };
		5E0E8B1CE59C7DBE459359DE /* bootstrap-order-terms-response.json in Resources */ = {isa = PBXBuildFile; fileRef = 9ECD5A5AC123C7815342CC26 /* bootstrap-order-terms-response.json */; };
		5F7FF63872D4AB6F22D0ABDE /* AccountSummary.swift in Sources */ = {isa = PBXBuildFile; fileRef = 570AC8D271EED929F429C1FC /* AccountSummary.swift */; };
		61A51E989624D974ADB3A05F /* error-version-unsupported.json in Resources */ = {isa = PBXBuildFile; fileRef = A178B5BD4C07797144E27812 /* error-version-unsupported.json */; };
		66152B7CC3D183BDF44BA0F9 /* TodayScreen.swift in Sources */ = {isa = PBXBuildFile; fileRef = 48AB56CF93ABBF177209B6EC /* TodayScreen.swift */; };
		682CE21438CC325CF1A955A3 /* Redaction.swift in Sources */ = {isa = PBXBuildFile; fileRef = 15846A7B74058B323F108CB7 /* Redaction.swift */; };
		69B1CE7BE915D11BBEFC4A25 /* TeamSummaryTests.swift in Sources */ = {isa = PBXBuildFile; fileRef = FFA64CB080F17766B0888658 /* TeamSummaryTests.swift */; };
		6E5A9E4B38E07C096089674E /* FieldIOSUITests.swift in Sources */ = {isa = PBXBuildFile; fileRef = B785ABDBB42BD392458A68C0 /* FieldIOSUITests.swift */; };
		7036E2C72497CAD226429CCF /* TurnByTurn.swift in Sources */ = {isa = PBXBuildFile; fileRef = 85978A2AF569F94F663D3EB5 /* TurnByTurn.swift */; };
		733E9950FCD06E634516E78E /* FieldIOSApp.swift in Sources */ = {isa = PBXBuildFile; fileRef = 643649FC187291287C83F0BA /* FieldIOSApp.swift */; };
		73822FBBD3552646DD513D2C /* ActivityRulesTests.swift in Sources */ = {isa = PBXBuildFile; fileRef = 469730AD0708443FF010DB2B /* ActivityRulesTests.swift */; };
		75A7C263CA07E65AEF6DD1D1 /* DesignTokensPreview.swift in Sources */ = {isa = PBXBuildFile; fileRef = 20A2E27FA2580A5F7FD421D1 /* DesignTokensPreview.swift */; };
		76F4C28D8EE6F363EA76CF91 /* VisitSyncClient.swift in Sources */ = {isa = PBXBuildFile; fileRef = 768EE84295679AB410817800 /* VisitSyncClient.swift */; };
		7A245815BC1605BD4C8609F4 /* AuthClient.swift in Sources */ = {isa = PBXBuildFile; fileRef = 4DB5C91CB702257E69CAEEE0 /* AuthClient.swift */; };
		7A3DB86936D018D089DA9D55 /* AuthClientTests.swift in Sources */ = {isa = PBXBuildFile; fileRef = 3ED3ADFB05AAF26B358710EC /* AuthClientTests.swift */; };
		7C05447D9086CD072D7D1C77 /* BackgroundRetry.swift in Sources */ = {isa = PBXBuildFile; fileRef = EAD5B0648D1286B6E477AE6E /* BackgroundRetry.swift */; };
		7C0C652561AF6AE17983B28B /* SuggestedOrderLoader.swift in Sources */ = {isa = PBXBuildFile; fileRef = BBEC99ED2ADDBB03F9B6CDEB /* SuggestedOrderLoader.swift */; };
		88EC02EB2A7A37BDE47BC202 /* CallSheetScreen.swift in Sources */ = {isa = PBXBuildFile; fileRef = 9DFB348A3DA8ACCDA0313DDD /* CallSheetScreen.swift */; };
		89BC70BD1F6001CC39FF6BCD /* AccountScreen.swift in Sources */ = {isa = PBXBuildFile; fileRef = F1A06A9EAE1322958F12F980 /* AccountScreen.swift */; };
		8A556987873513B8A742E542 /* VisitCompletion.swift in Sources */ = {isa = PBXBuildFile; fileRef = AC0AF800FC6AF8CBFA9E75C9 /* VisitCompletion.swift */; };
		8F492F730DDDB865B9C71A2D /* TodayDashboardTests.swift in Sources */ = {isa = PBXBuildFile; fileRef = 02806637BC8CE0B5AA0A7AEE /* TodayDashboardTests.swift */; };
		904ACA589ACD7EBE3C24A873 /* push-response.json in Resources */ = {isa = PBXBuildFile; fileRef = 77CD140A56AE8051DCDF7A6C /* push-response.json */; };
		91F5C66ED0720AEAE7975A75 /* DiagnosticOperation.swift in Sources */ = {isa = PBXBuildFile; fileRef = 3F8DAC201386E8BFBC99C007 /* DiagnosticOperation.swift */; };
		93DECB5A8AFD8FF81CF477D9 /* bootstrap-next-page.json in Resources */ = {isa = PBXBuildFile; fileRef = 6145659ED44F3859C3FDF665 /* bootstrap-next-page.json */; };
		9838EC7740C30CD3F65CA9D4 /* push-call-sheet-request.json in Resources */ = {isa = PBXBuildFile; fileRef = 0EDEE3041A08E6FBDDDCA040 /* push-call-sheet-request.json */; };
		98AB7A5495931593CA5F4CCF /* OrderPricingTests.swift in Sources */ = {isa = PBXBuildFile; fileRef = 45E32637005EBC33580A7345 /* OrderPricingTests.swift */; };
		9D1B4B6F75F235BF43B7A6C7 /* OrderReviewScreen.swift in Sources */ = {isa = PBXBuildFile; fileRef = 9BF1031A8AF5C132A1133C31 /* OrderReviewScreen.swift */; };
		9D1E244483FED57D037FCE63 /* SQLCipher in Frameworks */ = {isa = PBXBuildFile; productRef = AC26302E2781E047B9486E5D /* SQLCipher */; };
		9E7D420F204FA049893A8B40 /* push-planned-request.json in Resources */ = {isa = PBXBuildFile; fileRef = BFE71B7420945054FCACA8E7 /* push-planned-request.json */; };
		A1C72C283C26A8EEE8022903 /* VisitCompletionTests.swift in Sources */ = {isa = PBXBuildFile; fileRef = 8445D8CD92D697DE81E4D95B /* VisitCompletionTests.swift */; };
		A2FFAE7CEA546A8AACDBDA99 /* bootstrap-photo-types-response.json in Resources */ = {isa = PBXBuildFile; fileRef = CB0B2387DA5E8AE633E814F2 /* bootstrap-photo-types-response.json */; };
		A5D4C22D5AAF13BD6E131095 /* README.md in Resources */ = {isa = PBXBuildFile; fileRef = A1D7CDEBC506E1AB5A7378A1 /* README.md */; };
		A729B975C7C31FA68373F2A0 /* HTTPClient.swift in Sources */ = {isa = PBXBuildFile; fileRef = 329AC521CDFBA9C961E9A8BB /* HTTPClient.swift */; };
		ACDA87F0B694E9C5EB111761 /* LocationCapture.swift in Sources */ = {isa = PBXBuildFile; fileRef = 655CA3FD10811B759492AE0B /* LocationCapture.swift */; };
		AE5D9252C977345E2344110B /* RequestSigner.swift in Sources */ = {isa = PBXBuildFile; fileRef = 5346E87A86751D4CA1ADD0EE /* RequestSigner.swift */; };
		AE965CF2451DF21709DC5EB3 /* StubURLProtocol.swift in Sources */ = {isa = PBXBuildFile; fileRef = 4F11A6D0B6266CF3FDEB9ECA /* StubURLProtocol.swift */; };
		B54D44E71FB8A694615029E1 /* SupportInfo.swift in Sources */ = {isa = PBXBuildFile; fileRef = 11A0A93E36484BC384ADCD19 /* SupportInfo.swift */; };
		B6BC895EAA1F94BAD93D77DD /* EvidencePhotos.swift in Sources */ = {isa = PBXBuildFile; fileRef = 6E57017428527439DC95AE4E /* EvidencePhotos.swift */; };
		B6C1D384493F4596DA0CE097 /* RouteScreenTests.swift in Sources */ = {isa = PBXBuildFile; fileRef = A1C55A56816AD79DD3A593FE /* RouteScreenTests.swift */; };
		B78F4078A58E1E744E9CD41E /* unknown-response-enum.json in Resources */ = {isa = PBXBuildFile; fileRef = 44744A3BC267CD615AE08D23 /* unknown-response-enum.json */; };
		B7E270651827014478F190BE /* BootstrapV1.swift in Sources */ = {isa = PBXBuildFile; fileRef = D9096C036A0AF31336E412AC /* BootstrapV1.swift */; };
		B9930EFB61A77C838ACDCB7A /* DeviceDiagnostics.swift in Sources */ = {isa = PBXBuildFile; fileRef = B93C72F0B9A97637FC1D0062 /* DeviceDiagnostics.swift */; };
		B9CB1F9595BF18411447620E /* BootstrapTests.swift in Sources */ = {isa = PBXBuildFile; fileRef = A6AEF2385449EF460EF630E8 /* BootstrapTests.swift */; };
		BA6E1EB554A878BB5CC75504 /* pull-request.json in Resources */ = {isa = PBXBuildFile; fileRef = 5DF9B4D99CD01DB8BAB693FC /* pull-request.json */; };
		BC9A8E6E9DFEACDEDA70CB87 /* PhotoCaptureScreen.swift in Sources */ = {isa = PBXBuildFile; fileRef = B74A865CE65A3E62E7C530C2 /* PhotoCaptureScreen.swift */; };
		BEAC157A1F183F1B797B3DD8 /* TodayDashboard.swift in Sources */ = {isa = PBXBuildFile; fileRef = 52C033E08AECBD47AD2DDE91 /* TodayDashboard.swift */; };
		BEEDB739F88975D6D2080153 /* bootstrap-activity-rules-response.json in Resources */ = {isa = PBXBuildFile; fileRef = 34D9368E39A12E5A50D93800 /* bootstrap-activity-rules-response.json */; };
		C06F368BF3C08950AA3091F1 /* bootstrap-request.json in Resources */ = {isa = PBXBuildFile; fileRef = E2751A50C7C77B78BFE4F31F /* bootstrap-request.json */; };
		C1B60951881AFC1DE8275F70 /* EvidenceUploader.swift in Sources */ = {isa = PBXBuildFile; fileRef = A01764BD94E4DEB674232444 /* EvidenceUploader.swift */; };
		C38C66CA66E225B0964FBD37 /* AppModel.swift in Sources */ = {isa = PBXBuildFile; fileRef = 15325CBFB42A9920A73076CC /* AppModel.swift */; };
		C3B4DAC4A6906D261B137AA7 /* OrderDraft.swift in Sources */ = {isa = PBXBuildFile; fileRef = 203E8C18A1C33A59C13232B9 /* OrderDraft.swift */; };
		CA75BA40598DC97C020E513C /* SecurityHygieneTests.swift in Sources */ = {isa = PBXBuildFile; fileRef = 83B6EE57DB1DE477B02CC0A6 /* SecurityHygieneTests.swift */; };
		CBA378EFDA6DD086AF3DD832 /* OrderDraftTests.swift in Sources */ = {isa = PBXBuildFile; fileRef = 32C73212A3250CB9DF7A179F /* OrderDraftTests.swift */; };
		CDB18FED2C2B99014C51B699 /* Enrollment.swift in Sources */ = {isa = PBXBuildFile; fileRef = 58B7CCC550A3AFB371BE691A /* Enrollment.swift */; };
		CE08B1385A22CBEF081A54E1 /* SecureStore.swift in Sources */ = {isa = PBXBuildFile; fileRef = A0ABFC89807D314D2B62A458 /* SecureStore.swift */; };
		D0ECAFE17CE94651ED173031 /* SunprideTokens.swift in Sources */ = {isa = PBXBuildFile; fileRef = F2692CA1C06F882E746AF973 /* SunprideTokens.swift */; };
		D548B74509FAC835582D41A0 /* TeamAuthorizationEpochTests.swift in Sources */ = {isa = PBXBuildFile; fileRef = FA05324F47DE966F1F35C492 /* TeamAuthorizationEpochTests.swift */; };
		D54F577162984015C518208A /* PhotoFiles.swift in Sources */ = {isa = PBXBuildFile; fileRef = EA2EA3F55ED332E61CE66DDA /* PhotoFiles.swift */; };
		D623AA666E445B70F06E4286 /* BiometricSignInTests.swift in Sources */ = {isa = PBXBuildFile; fileRef = 5187E18BDD8D04525DE88E5D /* BiometricSignInTests.swift */; };
		D8CA5082EEAA88C235A1B4AD /* SyncStatusDiagnosticsTests.swift in Sources */ = {isa = PBXBuildFile; fileRef = CA4C96C1D58520ED598A16FB /* SyncStatusDiagnosticsTests.swift */; };
		DC1B6727F5D883AC9A4E241C /* ConvexFunctionsTests.swift in Sources */ = {isa = PBXBuildFile; fileRef = 26021CCFB0A859FEF974770E /* ConvexFunctionsTests.swift */; };
		E1792D6CFC59D318579A3A50 /* DiagnosticVisitScreen.swift in Sources */ = {isa = PBXBuildFile; fileRef = A0D318C2DF743A813CFFBD3F /* DiagnosticVisitScreen.swift */; };
		EB9F145074401E5B949144CF /* ReferenceDataTests.swift in Sources */ = {isa = PBXBuildFile; fileRef = DE3CE59429CC0A53F8ADA66D /* ReferenceDataTests.swift */; };
		ED833DDB513936C536488DFF /* RequestSignerTests.swift in Sources */ = {isa = PBXBuildFile; fileRef = E7E8592F5635E44DE9E4D11C /* RequestSignerTests.swift */; };
		F1F40E99FA9C373ADE94DBE5 /* TeamSummary.swift in Sources */ = {isa = PBXBuildFile; fileRef = B70C1FB290135B5A47051917 /* TeamSummary.swift */; };
		F375944EE365E45405FEB199 /* RouteScreen.swift in Sources */ = {isa = PBXBuildFile; fileRef = 8475BBA96754FC9943196E1C /* RouteScreen.swift */; };
		F73774D312A53BF21DE8779A /* TurnByTurnTests.swift in Sources */ = {isa = PBXBuildFile; fileRef = DD5CBDE425E4474C43761F63 /* TurnByTurnTests.swift */; };
		FB02B73F8C0E0E858F84F28C /* TeamScreen.swift in Sources */ = {isa = PBXBuildFile; fileRef = 2D83524BAA274C5FAA46B65C /* TeamScreen.swift */; };
		FDB32474097B7BE3233DD03B /* FieldStore.swift in Sources */ = {isa = PBXBuildFile; fileRef = 8AD96B1A70BA8246D0F2CCCB /* FieldStore.swift */; };
		FE85D40D757F4E5418D07ADE /* bootstrap-account-summary-response.json in Resources */ = {isa = PBXBuildFile; fileRef = 187E42E195D0635A7B86C5D0 /* bootstrap-account-summary-response.json */; };
/* End PBXBuildFile section */

/* Begin PBXContainerItemProxy section */
		063944738B2FCD3900B1524A /* PBXContainerItemProxy */ = {
			isa = PBXContainerItemProxy;
			containerPortal = BFF5B8D29BCC2F927E2332E5 /* Project object */;
			proxyType = 1;
			remoteGlobalIDString = EF18BFCEB53EA34520D005BE;
			remoteInfo = FieldIOS;
		};
		E1567C725C90403A29C0821C /* PBXContainerItemProxy */ = {
			isa = PBXContainerItemProxy;
			containerPortal = BFF5B8D29BCC2F927E2332E5 /* Project object */;
			proxyType = 1;
			remoteGlobalIDString = EF18BFCEB53EA34520D005BE;
			remoteInfo = FieldIOS;
		};
/* End PBXContainerItemProxy section */

/* Begin PBXFileReference section */
		0232CDA50AA2025D76A73E4A /* OrderSubmission.swift */ = {isa = PBXFileReference; lastKnownFileType = sourcecode.swift; path = OrderSubmission.swift; sourceTree = "<group>"; };
		02806637BC8CE0B5AA0A7AEE /* TodayDashboardTests.swift */ = {isa = PBXFileReference; lastKnownFileType = sourcecode.swift; path = TodayDashboardTests.swift; sourceTree = "<group>"; };
		0608947B65A82B5F8B21C25E /* EnrollmentTests.swift */ = {isa = PBXFileReference; lastKnownFileType = sourcecode.swift; path = EnrollmentTests.swift; sourceTree = "<group>"; };
		0AFCBFADBB76F8CF1DBB9935 /* SuggestedOrder.swift */ = {isa = PBXFileReference; lastKnownFileType = sourcecode.swift; path = SuggestedOrder.swift; sourceTree = "<group>"; };
		0CB6C99227CFEC3013BC36D8 /* SuggestedOrderTests.swift */ = {isa = PBXFileReference; lastKnownFileType = sourcecode.swift; path = SuggestedOrderTests.swift; sourceTree = "<group>"; };
		0EDEE3041A08E6FBDDDCA040 /* push-call-sheet-request.json */ = {isa = PBXFileReference; lastKnownFileType = text.json; path = "push-call-sheet-request.json"; sourceTree = "<group>"; };
		1137443AA8CB19695F43F19E /* Dev.xcconfig */ = {isa = PBXFileReference; lastKnownFileType = text.xcconfig; path = Dev.xcconfig; sourceTree = "<group>"; };
		11A0A93E36484BC384ADCD19 /* SupportInfo.swift */ = {isa = PBXFileReference; lastKnownFileType = sourcecode.swift; path = SupportInfo.swift; sourceTree = "<group>"; };
		15325CBFB42A9920A73076CC /* AppModel.swift */ = {isa = PBXFileReference; lastKnownFileType = sourcecode.swift; path = AppModel.swift; sourceTree = "<group>"; };
		15846A7B74058B323F108CB7 /* Redaction.swift */ = {isa = PBXFileReference; lastKnownFileType = sourcecode.swift; path = Redaction.swift; sourceTree = "<group>"; };
		160B275247E3A5924861969B /* DeviceKey.swift */ = {isa = PBXFileReference; lastKnownFileType = sourcecode.swift; path = DeviceKey.swift; sourceTree = "<group>"; };
		187E42E195D0635A7B86C5D0 /* bootstrap-account-summary-response.json */ = {isa = PBXFileReference; lastKnownFileType = text.json; path = "bootstrap-account-summary-response.json"; sourceTree = "<group>"; };
		203E8C18A1C33A59C13232B9 /* OrderDraft.swift */ = {isa = PBXFileReference; lastKnownFileType = sourcecode.swift; path = OrderDraft.swift; sourceTree = "<group>"; };
		20A2E27FA2580A5F7FD421D1 /* DesignTokensPreview.swift */ = {isa = PBXFileReference; lastKnownFileType = sourcecode.swift; path = DesignTokensPreview.swift; sourceTree = "<group>"; };
		26021CCFB0A859FEF974770E /* ConvexFunctionsTests.swift */ = {isa = PBXFileReference; lastKnownFileType = sourcecode.swift; path = ConvexFunctionsTests.swift; sourceTree = "<group>"; };
		2940D6571ED66ECA44D1992C /* CallSheet.swift */ = {isa = PBXFileReference; lastKnownFileType = sourcecode.swift; path = CallSheet.swift; sourceTree = "<group>"; };
		2A61F2253C7ADE1EFCA16D50 /* FieldIOS.app */ = {isa = PBXFileReference; includeInIndex = 0; lastKnownFileType = wrapper.application; path = FieldIOS.app; sourceTree = BUILT_PRODUCTS_DIR; };
		2D83524BAA274C5FAA46B65C /* TeamScreen.swift */ = {isa = PBXFileReference; lastKnownFileType = sourcecode.swift; path = TeamScreen.swift; sourceTree = "<group>"; };
		31267DE5AFA48C28C8852168 /* CustomerScreens.swift */ = {isa = PBXFileReference; lastKnownFileType = sourcecode.swift; path = CustomerScreens.swift; sourceTree = "<group>"; };
		32824B6D50460C1181FF20D6 /* bootstrap-response.json */ = {isa = PBXFileReference; lastKnownFileType = text.json; path = "bootstrap-response.json"; sourceTree = "<group>"; };
		329AC521CDFBA9C961E9A8BB /* HTTPClient.swift */ = {isa = PBXFileReference; lastKnownFileType = sourcecode.swift; path = HTTPClient.swift; sourceTree = "<group>"; };
		32C73212A3250CB9DF7A179F /* OrderDraftTests.swift */ = {isa = PBXFileReference; lastKnownFileType = sourcecode.swift; path = OrderDraftTests.swift; sourceTree = "<group>"; };
		34D9368E39A12E5A50D93800 /* bootstrap-activity-rules-response.json */ = {isa = PBXFileReference; lastKnownFileType = text.json; path = "bootstrap-activity-rules-response.json"; sourceTree = "<group>"; };
		34E3AD9EF21188447D122D5F /* VisitSyncTests.swift */ = {isa = PBXFileReference; lastKnownFileType = sourcecode.swift; path = VisitSyncTests.swift; sourceTree = "<group>"; };
		3754A93F3B24E554D1DA1A76 /* CustomerDirectory.swift */ = {isa = PBXFileReference; lastKnownFileType = sourcecode.swift; path = CustomerDirectory.swift; sourceTree = "<group>"; };
		37B8B52984200455215C32E8 /* push-conflict-response.json */ = {isa = PBXFileReference; lastKnownFileType = text.json; path = "push-conflict-response.json"; sourceTree = "<group>"; };
		3982CC5A0CA421700FA09534 /* SignInShell.swift */ = {isa = PBXFileReference; lastKnownFileType = sourcecode.swift; path = SignInShell.swift; sourceTree = "<group>"; };
		3AC500217A755E119ECC80EC /* ActivityRules.swift */ = {isa = PBXFileReference; lastKnownFileType = sourcecode.swift; path = ActivityRules.swift; sourceTree = "<group>"; };
		3ED3ADFB05AAF26B358710EC /* AuthClientTests.swift */ = {isa = PBXFileReference; lastKnownFileType = sourcecode.swift; path = AuthClientTests.swift; sourceTree = "<group>"; };
		3F8DAC201386E8BFBC99C007 /* DiagnosticOperation.swift */ = {isa = PBXFileReference; lastKnownFileType = sourcecode.swift; path = DiagnosticOperation.swift; sourceTree = "<group>"; };
		41F76A2DF05B3D436873561C /* CustomerDirectoryTests.swift */ = {isa = PBXFileReference; lastKnownFileType = sourcecode.swift; path = CustomerDirectoryTests.swift; sourceTree = "<group>"; };
		44744A3BC267CD615AE08D23 /* unknown-response-enum.json */ = {isa = PBXFileReference; lastKnownFileType = text.json; path = "unknown-response-enum.json"; sourceTree = "<group>"; };
		45E32637005EBC33580A7345 /* OrderPricingTests.swift */ = {isa = PBXFileReference; lastKnownFileType = sourcecode.swift; path = OrderPricingTests.swift; sourceTree = "<group>"; };
		469730AD0708443FF010DB2B /* ActivityRulesTests.swift */ = {isa = PBXFileReference; lastKnownFileType = sourcecode.swift; path = ActivityRulesTests.swift; sourceTree = "<group>"; };
		48AB56CF93ABBF177209B6EC /* TodayScreen.swift */ = {isa = PBXFileReference; lastKnownFileType = sourcecode.swift; path = TodayScreen.swift; sourceTree = "<group>"; };
		4A505BCF5D8A39218B2AA94E /* ChaosSyncTests.swift */ = {isa = PBXFileReference; lastKnownFileType = sourcecode.swift; path = ChaosSyncTests.swift; sourceTree = "<group>"; };
		4DB5C91CB702257E69CAEEE0 /* AuthClient.swift */ = {isa = PBXFileReference; lastKnownFileType = sourcecode.swift; path = AuthClient.swift; sourceTree = "<group>"; };
		4E5AE930A16D4136A1E605B8 /* bootstrap-call-sheet-response.json */ = {isa = PBXFileReference; lastKnownFileType = text.json; path = "bootstrap-call-sheet-response.json"; sourceTree = "<group>"; };
		4F11A6D0B6266CF3FDEB9ECA /* StubURLProtocol.swift */ = {isa = PBXFileReference; lastKnownFileType = sourcecode.swift; path = StubURLProtocol.swift; sourceTree = "<group>"; };
		5187E18BDD8D04525DE88E5D /* BiometricSignInTests.swift */ = {isa = PBXFileReference; lastKnownFileType = sourcecode.swift; path = BiometricSignInTests.swift; sourceTree = "<group>"; };
		52C033E08AECBD47AD2DDE91 /* TodayDashboard.swift */ = {isa = PBXFileReference; lastKnownFileType = sourcecode.swift; path = TodayDashboard.swift; sourceTree = "<group>"; };
		5346E87A86751D4CA1ADD0EE /* RequestSigner.swift */ = {isa = PBXFileReference; lastKnownFileType = sourcecode.swift; path = RequestSigner.swift; sourceTree = "<group>"; };
		55F4CAC5815B97242F3EC921 /* SyncStatus.swift */ = {isa = PBXFileReference; lastKnownFileType = sourcecode.swift; path = SyncStatus.swift; sourceTree = "<group>"; };
		570AC8D271EED929F429C1FC /* AccountSummary.swift */ = {isa = PBXFileReference; lastKnownFileType = sourcecode.swift; path = AccountSummary.swift; sourceTree = "<group>"; };
		57716CF3D48C093E8220EB4A /* error-rebootstrap-required.json */ = {isa = PBXFileReference; lastKnownFileType = text.json; path = "error-rebootstrap-required.json"; sourceTree = "<group>"; };
		58B7CCC550A3AFB371BE691A /* Enrollment.swift */ = {isa = PBXFileReference; lastKnownFileType = sourcecode.swift; path = Enrollment.swift; sourceTree = "<group>"; };
		5DF9B4D99CD01DB8BAB693FC /* pull-request.json */ = {isa = PBXFileReference; lastKnownFileType = text.json; path = "pull-request.json"; sourceTree = "<group>"; };
		6145659ED44F3859C3FDF665 /* bootstrap-next-page.json */ = {isa = PBXFileReference; lastKnownFileType = text.json; path = "bootstrap-next-page.json"; sourceTree = "<group>"; };
		6212BDC1724FBEC20D95D50E /* CallSheetTests.swift */ = {isa = PBXFileReference; lastKnownFileType = sourcecode.swift; path = CallSheetTests.swift; sourceTree = "<group>"; };
		643649FC187291287C83F0BA /* FieldIOSApp.swift */ = {isa = PBXFileReference; lastKnownFileType = sourcecode.swift; path = FieldIOSApp.swift; sourceTree = "<group>"; };
		655CA3FD10811B759492AE0B /* LocationCapture.swift */ = {isa = PBXFileReference; lastKnownFileType = sourcecode.swift; path = LocationCapture.swift; sourceTree = "<group>"; };
		6AD00CE0DB5536F7ED709072 /* FieldIOSTests.swift */ = {isa = PBXFileReference; lastKnownFileType = sourcecode.swift; path = FieldIOSTests.swift; sourceTree = "<group>"; };
		6E57017428527439DC95AE4E /* EvidencePhotos.swift */ = {isa = PBXFileReference; lastKnownFileType = sourcecode.swift; path = EvidencePhotos.swift; sourceTree = "<group>"; };
		6E685772F0949EAE80DB7D32 /* BiometricGate.swift */ = {isa = PBXFileReference; lastKnownFileType = sourcecode.swift; path = BiometricGate.swift; sourceTree = "<group>"; };
		733EBE0BBDDB64004F6D6E5F /* push-request.json */ = {isa = PBXFileReference; lastKnownFileType = text.json; path = "push-request.json"; sourceTree = "<group>"; };
		768EE84295679AB410817800 /* VisitSyncClient.swift */ = {isa = PBXFileReference; lastKnownFileType = sourcecode.swift; path = VisitSyncClient.swift; sourceTree = "<group>"; };
		770ABB24A61E17AE7FC352FC /* StubBackend.swift */ = {isa = PBXFileReference; lastKnownFileType = sourcecode.swift; path = StubBackend.swift; sourceTree = "<group>"; };
		77CD140A56AE8051DCDF7A6C /* push-response.json */ = {isa = PBXFileReference; lastKnownFileType = text.json; path = "push-response.json"; sourceTree = "<group>"; };
		7D5900677E6C2A5A588D21F8 /* request-proof.json */ = {isa = PBXFileReference; lastKnownFileType = text.json; name = "request-proof.json"; path = "../../../packages/domain-contracts/fixtures/mobile-v1/crypto/request-proof.json"; sourceTree = "<group>"; };
		83B6EE57DB1DE477B02CC0A6 /* SecurityHygieneTests.swift */ = {isa = PBXFileReference; lastKnownFileType = sourcecode.swift; path = SecurityHygieneTests.swift; sourceTree = "<group>"; };
		8445D8CD92D697DE81E4D95B /* VisitCompletionTests.swift */ = {isa = PBXFileReference; lastKnownFileType = sourcecode.swift; path = VisitCompletionTests.swift; sourceTree = "<group>"; };
		8475BBA96754FC9943196E1C /* RouteScreen.swift */ = {isa = PBXFileReference; lastKnownFileType = sourcecode.swift; path = RouteScreen.swift; sourceTree = "<group>"; };
		85978A2AF569F94F663D3EB5 /* TurnByTurn.swift */ = {isa = PBXFileReference; lastKnownFileType = sourcecode.swift; path = TurnByTurn.swift; sourceTree = "<group>"; };
		893C59F3DA031CA5D0C2B141 /* ConvexFunctions.swift */ = {isa = PBXFileReference; lastKnownFileType = sourcecode.swift; path = ConvexFunctions.swift; sourceTree = "<group>"; };
		899109121F5460C8B58B9B8E /* EvidencePhotosTests.swift */ = {isa = PBXFileReference; lastKnownFileType = sourcecode.swift; path = EvidencePhotosTests.swift; sourceTree = "<group>"; };
		8AD96B1A70BA8246D0F2CCCB /* FieldStore.swift */ = {isa = PBXFileReference; lastKnownFileType = sourcecode.swift; path = FieldStore.swift; sourceTree = "<group>"; };
		8DCA38D5B2C9442A869541B6 /* for-outlet.json */ = {isa = PBXFileReference; lastKnownFileType = text.json; path = "for-outlet.json"; sourceTree = "<group>"; };
		930F787C27D8364206637A1B /* StorageTests.swift */ = {isa = PBXFileReference; lastKnownFileType = sourcecode.swift; path = StorageTests.swift; sourceTree = "<group>"; };
		935415C15AFDBF5B04EEF4B6 /* FieldDayCallTests.swift */ = {isa = PBXFileReference; lastKnownFileType = sourcecode.swift; path = FieldDayCallTests.swift; sourceTree = "<group>"; };
		9540F232820E11D296CE31F1 /* VisitLocationTests.swift */ = {isa = PBXFileReference; lastKnownFileType = sourcecode.swift; path = VisitLocationTests.swift; sourceTree = "<group>"; };
		9BF1031A8AF5C132A1133C31 /* OrderReviewScreen.swift */ = {isa = PBXFileReference; lastKnownFileType = sourcecode.swift; path = OrderReviewScreen.swift; sourceTree = "<group>"; };
		9DFB348A3DA8ACCDA0313DDD /* CallSheetScreen.swift */ = {isa = PBXFileReference; lastKnownFileType = sourcecode.swift; path = CallSheetScreen.swift; sourceTree = "<group>"; };
		9ECD5A5AC123C7815342CC26 /* bootstrap-order-terms-response.json */ = {isa = PBXFileReference; lastKnownFileType = text.json; path = "bootstrap-order-terms-response.json"; sourceTree = "<group>"; };
		A01764BD94E4DEB674232444 /* EvidenceUploader.swift */ = {isa = PBXFileReference; lastKnownFileType = sourcecode.swift; path = EvidenceUploader.swift; sourceTree = "<group>"; };
		A0ABFC89807D314D2B62A458 /* SecureStore.swift */ = {isa = PBXFileReference; lastKnownFileType = sourcecode.swift; path = SecureStore.swift; sourceTree = "<group>"; };
		A0D318C2DF743A813CFFBD3F /* DiagnosticVisitScreen.swift */ = {isa = PBXFileReference; lastKnownFileType = sourcecode.swift; path = DiagnosticVisitScreen.swift; sourceTree = "<group>"; };
		A178B5BD4C07797144E27812 /* error-version-unsupported.json */ = {isa = PBXFileReference; lastKnownFileType = text.json; path = "error-version-unsupported.json"; sourceTree = "<group>"; };
		A1C55A56816AD79DD3A593FE /* RouteScreenTests.swift */ = {isa = PBXFileReference; lastKnownFileType = sourcecode.swift; path = RouteScreenTests.swift; sourceTree = "<group>"; };
		A1D7CDEBC506E1AB5A7378A1 /* README.md */ = {isa = PBXFileReference; lastKnownFileType = net.daringfireball.markdown; path = README.md; sourceTree = "<group>"; };
		A6AEF2385449EF460EF630E8 /* BootstrapTests.swift */ = {isa = PBXFileReference; lastKnownFileType = sourcecode.swift; path = BootstrapTests.swift; sourceTree = "<group>"; };
		A77AFFDE129DFE26E3DDA21E /* BootstrapClient.swift */ = {isa = PBXFileReference; lastKnownFileType = sourcecode.swift; path = BootstrapClient.swift; sourceTree = "<group>"; };
		A8C971B1683E91AA45EED32C /* OrderTerms.swift */ = {isa = PBXFileReference; lastKnownFileType = sourcecode.swift; path = OrderTerms.swift; sourceTree = "<group>"; };
		A921334D7FCBE8C314ECCF26 /* OrderSubmissionTests.swift */ = {isa = PBXFileReference; lastKnownFileType = sourcecode.swift; path = OrderSubmissionTests.swift; sourceTree = "<group>"; };
		AC0AF800FC6AF8CBFA9E75C9 /* VisitCompletion.swift */ = {isa = PBXFileReference; lastKnownFileType = sourcecode.swift; path = VisitCompletion.swift; sourceTree = "<group>"; };
		B70C1FB290135B5A47051917 /* TeamSummary.swift */ = {isa = PBXFileReference; lastKnownFileType = sourcecode.swift; path = TeamSummary.swift; sourceTree = "<group>"; };
		B74A865CE65A3E62E7C530C2 /* PhotoCaptureScreen.swift */ = {isa = PBXFileReference; lastKnownFileType = sourcecode.swift; path = PhotoCaptureScreen.swift; sourceTree = "<group>"; };
		B785ABDBB42BD392458A68C0 /* FieldIOSUITests.swift */ = {isa = PBXFileReference; lastKnownFileType = sourcecode.swift; path = FieldIOSUITests.swift; sourceTree = "<group>"; };
		B93C72F0B9A97637FC1D0062 /* DeviceDiagnostics.swift */ = {isa = PBXFileReference; lastKnownFileType = sourcecode.swift; path = DeviceDiagnostics.swift; sourceTree = "<group>"; };
		BBEC99ED2ADDBB03F9B6CDEB /* SuggestedOrderLoader.swift */ = {isa = PBXFileReference; lastKnownFileType = sourcecode.swift; path = SuggestedOrderLoader.swift; sourceTree = "<group>"; };
		BED6899F18ED0393B156EC02 /* CalmComponents.swift */ = {isa = PBXFileReference; lastKnownFileType = sourcecode.swift; path = CalmComponents.swift; sourceTree = "<group>"; };
		BF83A82C5E32866D005C51B1 /* error-device-revoked.json */ = {isa = PBXFileReference; lastKnownFileType = text.json; path = "error-device-revoked.json"; sourceTree = "<group>"; };
		BFE71B7420945054FCACA8E7 /* push-planned-request.json */ = {isa = PBXFileReference; lastKnownFileType = text.json; path = "push-planned-request.json"; sourceTree = "<group>"; };
		CA4C96C1D58520ED598A16FB /* SyncStatusDiagnosticsTests.swift */ = {isa = PBXFileReference; lastKnownFileType = sourcecode.swift; path = SyncStatusDiagnosticsTests.swift; sourceTree = "<group>"; };
		CB0B2387DA5E8AE633E814F2 /* bootstrap-photo-types-response.json */ = {isa = PBXFileReference; lastKnownFileType = text.json; path = "bootstrap-photo-types-response.json"; sourceTree = "<group>"; };
		CB35C09814D6360660C64B8D /* FieldIOSTests.xctest */ = {isa = PBXFileReference; includeInIndex = 0; lastKnownFileType = wrapper.cfbundle; path = FieldIOSTests.xctest; sourceTree = BUILT_PRODUCTS_DIR; };
		CBD705E267441E239AD86BB8 /* OrderDraftScreen.swift */ = {isa = PBXFileReference; lastKnownFileType = sourcecode.swift; path = OrderDraftScreen.swift; sourceTree = "<group>"; };
		CCFDE73882F9D934C843B5EE /* DailyRoute.swift */ = {isa = PBXFileReference; lastKnownFileType = sourcecode.swift; path = DailyRoute.swift; sourceTree = "<group>"; };
		D0AE4946DEA6AE60241C1247 /* BiometricSession.swift */ = {isa = PBXFileReference; lastKnownFileType = sourcecode.swift; path = BiometricSession.swift; sourceTree = "<group>"; };
		D39063EF6CE3A5BE2190F4F2 /* ActivityForms.swift */ = {isa = PBXFileReference; lastKnownFileType = sourcecode.swift; path = ActivityForms.swift; sourceTree = "<group>"; };
		D3CF82D38EC8EC88514A5D79 /* KeychainBiometricCrypto.swift */ = {isa = PBXFileReference; lastKnownFileType = sourcecode.swift; path = KeychainBiometricCrypto.swift; sourceTree = "<group>"; };
		D753F93483B737E31248F64A /* FieldIOSUITests.xctest */ = {isa = PBXFileReference; includeInIndex = 0; lastKnownFileType = wrapper.cfbundle; path = FieldIOSUITests.xctest; sourceTree = BUILT_PRODUCTS_DIR; };
		D9096C036A0AF31336E412AC /* BootstrapV1.swift */ = {isa = PBXFileReference; lastKnownFileType = sourcecode.swift; path = BootstrapV1.swift; sourceTree = "<group>"; };
		DD5CBDE425E4474C43761F63 /* TurnByTurnTests.swift */ = {isa = PBXFileReference; lastKnownFileType = sourcecode.swift; path = TurnByTurnTests.swift; sourceTree = "<group>"; };
		DE3CE59429CC0A53F8ADA66D /* ReferenceDataTests.swift */ = {isa = PBXFileReference; lastKnownFileType = sourcecode.swift; path = ReferenceDataTests.swift; sourceTree = "<group>"; };
		E2751A50C7C77B78BFE4F31F /* bootstrap-request.json */ = {isa = PBXFileReference; lastKnownFileType = text.json; path = "bootstrap-request.json"; sourceTree = "<group>"; };
		E614A6771F881395A0F94D2F /* pull-response.json */ = {isa = PBXFileReference; lastKnownFileType = text.json; path = "pull-response.json"; sourceTree = "<group>"; };
		E7E8592F5635E44DE9E4D11C /* RequestSignerTests.swift */ = {isa = PBXFileReference; lastKnownFileType = sourcecode.swift; path = RequestSignerTests.swift; sourceTree = "<group>"; };
		EA2EA3F55ED332E61CE66DDA /* PhotoFiles.swift */ = {isa = PBXFileReference; lastKnownFileType = sourcecode.swift; path = PhotoFiles.swift; sourceTree = "<group>"; };
		EAD5B0648D1286B6E477AE6E /* BackgroundRetry.swift */ = {isa = PBXFileReference; lastKnownFileType = sourcecode.swift; path = BackgroundRetry.swift; sourceTree = "<group>"; };
		EAEF9CED686F0B49C5EE110B /* error-invalid-cursor.json */ = {isa = PBXFileReference; lastKnownFileType = text.json; path = "error-invalid-cursor.json"; sourceTree = "<group>"; };
		EDE9BD20A693C17022A70C2E /* AppEnvironment.swift */ = {isa = PBXFileReference; lastKnownFileType = sourcecode.swift; path = AppEnvironment.swift; sourceTree = "<group>"; };
		F072C2C0D065CC10D1C8C225 /* ActivityFormScreen.swift */ = {isa = PBXFileReference; lastKnownFileType = sourcecode.swift; path = ActivityFormScreen.swift; sourceTree = "<group>"; };
		F1A06A9EAE1322958F12F980 /* AccountScreen.swift */ = {isa = PBXFileReference; lastKnownFileType = sourcecode.swift; path = AccountScreen.swift; sourceTree = "<group>"; };
		F2692CA1C06F882E746AF973 /* SunprideTokens.swift */ = {isa = PBXFileReference; lastKnownFileType = sourcecode.swift; path = SunprideTokens.swift; sourceTree = "<group>"; };
		FA05324F47DE966F1F35C492 /* TeamAuthorizationEpochTests.swift */ = {isa = PBXFileReference; lastKnownFileType = sourcecode.swift; path = TeamAuthorizationEpochTests.swift; sourceTree = "<group>"; };
		FEFC4C65AAB7AE9A26456383 /* SupportInfoScreen.swift */ = {isa = PBXFileReference; lastKnownFileType = sourcecode.swift; path = SupportInfoScreen.swift; sourceTree = "<group>"; };
		FFA64CB080F17766B0888658 /* TeamSummaryTests.swift */ = {isa = PBXFileReference; lastKnownFileType = sourcecode.swift; path = TeamSummaryTests.swift; sourceTree = "<group>"; };
/* End PBXFileReference section */

/* Begin PBXFrameworksBuildPhase section */
		8414B1E09FFEB54CD0B133EC /* Frameworks */ = {
			isa = PBXFrameworksBuildPhase;
			buildActionMask = 2147483647;
			files = (
				9D1E244483FED57D037FCE63 /* SQLCipher in Frameworks */,
			);
			runOnlyForDeploymentPostprocessing = 0;
		};
/* End PBXFrameworksBuildPhase section */

/* Begin PBXGroup section */
		106B1D5DCCE6766B43799673 /* App */ = {
			isa = PBXGroup;
			children = (
				EDE9BD20A693C17022A70C2E /* AppEnvironment.swift */,
				15325CBFB42A9920A73076CC /* AppModel.swift */,
				6E685772F0949EAE80DB7D32 /* BiometricGate.swift */,
				643649FC187291287C83F0BA /* FieldIOSApp.swift */,
				770ABB24A61E17AE7FC352FC /* StubBackend.swift */,
				BBEC99ED2ADDBB03F9B6CDEB /* SuggestedOrderLoader.swift */,
			);
			path = App;
			sourceTree = "<group>";
		};
		1D72856AF512788E2CF10945 /* Auth */ = {
			isa = PBXGroup;
			children = (
				4DB5C91CB702257E69CAEEE0 /* AuthClient.swift */,
				D0AE4946DEA6AE60241C1247 /* BiometricSession.swift */,
				893C59F3DA031CA5D0C2B141 /* ConvexFunctions.swift */,
				329AC521CDFBA9C961E9A8BB /* HTTPClient.swift */,
				D3CF82D38EC8EC88514A5D79 /* KeychainBiometricCrypto.swift */,
				15846A7B74058B323F108CB7 /* Redaction.swift */,
				A0ABFC89807D314D2B62A458 /* SecureStore.swift */,
			);
			path = Auth;
			sourceTree = "<group>";
		};
		1EDEB03A76C4F53EFE5B3D01 /* suggested-order */ = {
			isa = PBXGroup;
			children = (
				8DCA38D5B2C9442A869541B6 /* for-outlet.json */,
			);
			path = "suggested-order";
			sourceTree = "<group>";
		};
		238AB9FAEF97250A7BD64C20 /* SyncStatus */ = {
			isa = PBXGroup;
			children = (
				FEFC4C65AAB7AE9A26456383 /* SupportInfoScreen.swift */,
				55F4CAC5815B97242F3EC921 /* SyncStatus.swift */,
			);
			path = SyncStatus;
			sourceTree = "<group>";
		};
		3F0B3937D74FCD3EDFDD8F7A /* packages */ = {
			isa = PBXGroup;
			children = (
				FC5C85E7BC177D10399BF926 /* domain-contracts */,
			);
			path = packages;
			sourceTree = "<group>";
		};
		4676AE00E28C23855873447B = {
			isa = PBXGroup;
			children = (
				9585BADF164508B23BC159F8 /* Config */,
				733496D32000AFE351CB69D9 /* FieldIOS */,
				63CD728C04E8B9F002293A22 /* FieldIOSTests */,
				57589BF18D89A7CEFB0A74FD /* FieldIOSUITests */,
				63FD1D2A3B151A8BA82309DB /* sunpride-sp-0088 */,
				B54F63CC658DE52485D50D15 /* Products */,
			);
			sourceTree = "<group>";
		};
		4AA62F3A2221A77945BF2487 /* Route */ = {
			isa = PBXGroup;
			children = (
				CCFDE73882F9D934C843B5EE /* DailyRoute.swift */,
				8475BBA96754FC9943196E1C /* RouteScreen.swift */,
				85978A2AF569F94F663D3EB5 /* TurnByTurn.swift */,
			);
			path = Route;
			sourceTree = "<group>";
		};
		4CE27D182FC5932AC2301876 /* fixtures */ = {
			isa = PBXGroup;
			children = (
				555D61B92FE16FA6035C6167 /* mobile-v1 */,
				1EDEB03A76C4F53EFE5B3D01 /* suggested-order */,
			);
			path = fixtures;
			sourceTree = "<group>";
		};
		52766CED171A97857143FDDF /* DiagnosticVisit */ = {
			isa = PBXGroup;
			children = (
				F072C2C0D065CC10D1C8C225 /* ActivityFormScreen.swift */,
				9DFB348A3DA8ACCDA0313DDD /* CallSheetScreen.swift */,
				3F8DAC201386E8BFBC99C007 /* DiagnosticOperation.swift */,
				A0D318C2DF743A813CFFBD3F /* DiagnosticVisitScreen.swift */,
				655CA3FD10811B759492AE0B /* LocationCapture.swift */,
				B74A865CE65A3E62E7C530C2 /* PhotoCaptureScreen.swift */,
			);
			path = DiagnosticVisit;
			sourceTree = "<group>";
		};
		555D61B92FE16FA6035C6167 /* mobile-v1 */ = {
			isa = PBXGroup;
			children = (
				187E42E195D0635A7B86C5D0 /* bootstrap-account-summary-response.json */,
				34D9368E39A12E5A50D93800 /* bootstrap-activity-rules-response.json */,
				4E5AE930A16D4136A1E605B8 /* bootstrap-call-sheet-response.json */,
				6145659ED44F3859C3FDF665 /* bootstrap-next-page.json */,
				9ECD5A5AC123C7815342CC26 /* bootstrap-order-terms-response.json */,
				CB0B2387DA5E8AE633E814F2 /* bootstrap-photo-types-response.json */,
				E2751A50C7C77B78BFE4F31F /* bootstrap-request.json */,
				32824B6D50460C1181FF20D6 /* bootstrap-response.json */,
				BF83A82C5E32866D005C51B1 /* error-device-revoked.json */,
				EAEF9CED686F0B49C5EE110B /* error-invalid-cursor.json */,
				57716CF3D48C093E8220EB4A /* error-rebootstrap-required.json */,
				A178B5BD4C07797144E27812 /* error-version-unsupported.json */,
				5DF9B4D99CD01DB8BAB693FC /* pull-request.json */,
				E614A6771F881395A0F94D2F /* pull-response.json */,
				0EDEE3041A08E6FBDDDCA040 /* push-call-sheet-request.json */,
				37B8B52984200455215C32E8 /* push-conflict-response.json */,
				BFE71B7420945054FCACA8E7 /* push-planned-request.json */,
				733EBE0BBDDB64004F6D6E5F /* push-request.json */,
				77CD140A56AE8051DCDF7A6C /* push-response.json */,
				44744A3BC267CD615AE08D23 /* unknown-response-enum.json */,
			);
			path = "mobile-v1";
			sourceTree = "<group>";
		};
		567718A8BAD55BEDCD033E88 /* Supervision */ = {
			isa = PBXGroup;
			children = (
				B70C1FB290135B5A47051917 /* TeamSummary.swift */,
			);
			path = Supervision;
			sourceTree = "<group>";
		};
		57589BF18D89A7CEFB0A74FD /* FieldIOSUITests */ = {
			isa = PBXGroup;
			children = (
				B785ABDBB42BD392458A68C0 /* FieldIOSUITests.swift */,
			);
			path = FieldIOSUITests;
			sourceTree = "<group>";
		};
		63CD728C04E8B9F002293A22 /* FieldIOSTests */ = {
			isa = PBXGroup;
			children = (
				469730AD0708443FF010DB2B /* ActivityRulesTests.swift */,
				3ED3ADFB05AAF26B358710EC /* AuthClientTests.swift */,
				5187E18BDD8D04525DE88E5D /* BiometricSignInTests.swift */,
				A6AEF2385449EF460EF630E8 /* BootstrapTests.swift */,
				6212BDC1724FBEC20D95D50E /* CallSheetTests.swift */,
				4A505BCF5D8A39218B2AA94E /* ChaosSyncTests.swift */,
				26021CCFB0A859FEF974770E /* ConvexFunctionsTests.swift */,
				41F76A2DF05B3D436873561C /* CustomerDirectoryTests.swift */,
				0608947B65A82B5F8B21C25E /* EnrollmentTests.swift */,
				899109121F5460C8B58B9B8E /* EvidencePhotosTests.swift */,
				935415C15AFDBF5B04EEF4B6 /* FieldDayCallTests.swift */,
				6AD00CE0DB5536F7ED709072 /* FieldIOSTests.swift */,
				32C73212A3250CB9DF7A179F /* OrderDraftTests.swift */,
				45E32637005EBC33580A7345 /* OrderPricingTests.swift */,
				A921334D7FCBE8C314ECCF26 /* OrderSubmissionTests.swift */,
				DE3CE59429CC0A53F8ADA66D /* ReferenceDataTests.swift */,
				E7E8592F5635E44DE9E4D11C /* RequestSignerTests.swift */,
				A1C55A56816AD79DD3A593FE /* RouteScreenTests.swift */,
				83B6EE57DB1DE477B02CC0A6 /* SecurityHygieneTests.swift */,
				930F787C27D8364206637A1B /* StorageTests.swift */,
				0CB6C99227CFEC3013BC36D8 /* SuggestedOrderTests.swift */,
				CA4C96C1D58520ED598A16FB /* SyncStatusDiagnosticsTests.swift */,
				FA05324F47DE966F1F35C492 /* TeamAuthorizationEpochTests.swift */,
				FFA64CB080F17766B0888658 /* TeamSummaryTests.swift */,
				02806637BC8CE0B5AA0A7AEE /* TodayDashboardTests.swift */,
				DD5CBDE425E4474C43761F63 /* TurnByTurnTests.swift */,
				8445D8CD92D697DE81E4D95B /* VisitCompletionTests.swift */,
				9540F232820E11D296CE31F1 /* VisitLocationTests.swift */,
				34E3AD9EF21188447D122D5F /* VisitSyncTests.swift */,
				EE65A434732E7C95EC46E634 /* Fixtures */,
				F835B55635B96FE9BAB8DABF /* Support */,
			);
			path = FieldIOSTests;
			sourceTree = "<group>";
		};
		63FD1D2A3B151A8BA82309DB /* sunpride-sp-0088 */ = {
			isa = PBXGroup;
			children = (
				3F0B3937D74FCD3EDFDD8F7A /* packages */,
			);
			name = "sunpride-sp-0088";
			path = ../..;
			sourceTree = "<group>";
		};
		6DF8240E71F35F8354888604 /* Config */ = {
			isa = PBXGroup;
			children = (
				A1D7CDEBC506E1AB5A7378A1 /* README.md */,
			);
			path = Config;
			sourceTree = "<group>";
		};
		703D312167685C0412C39035 /* Background */ = {
			isa = PBXGroup;
			children = (
				EAD5B0648D1286B6E477AE6E /* BackgroundRetry.swift */,
			);
			path = Background;
			sourceTree = "<group>";
		};
		704449C96800B52B92293C4D /* Supervision */ = {
			isa = PBXGroup;
			children = (
				2D83524BAA274C5FAA46B65C /* TeamScreen.swift */,
			);
			path = Supervision;
			sourceTree = "<group>";
		};
		733496D32000AFE351CB69D9 /* FieldIOS */ = {
			isa = PBXGroup;
			children = (
				74344EDEC720F8941F15E2E3 /* Resources */,
				F4BABDD70B9888C4B2CAB0F4 /* Sources */,
			);
			path = FieldIOS;
			sourceTree = "<group>";
		};
		74344EDEC720F8941F15E2E3 /* Resources */ = {
			isa = PBXGroup;
			children = (
				6DF8240E71F35F8354888604 /* Config */,
			);
			path = Resources;
			sourceTree = "<group>";
		};
		79A6C2E1D6693086EF6FA890 /* Customers */ = {
			isa = PBXGroup;
			children = (
				3754A93F3B24E554D1DA1A76 /* CustomerDirectory.swift */,
				31267DE5AFA48C28C8852168 /* CustomerScreens.swift */,
			);
			path = Customers;
			sourceTree = "<group>";
		};
		7ED1588637F297CF94CEBB5B /* UI */ = {
			isa = PBXGroup;
			children = (
				F1A06A9EAE1322958F12F980 /* AccountScreen.swift */,
				BED6899F18ED0393B156EC02 /* CalmComponents.swift */,
				20A2E27FA2580A5F7FD421D1 /* DesignTokensPreview.swift */,
				3982CC5A0CA421700FA09534 /* SignInShell.swift */,
				F2692CA1C06F882E746AF973 /* SunprideTokens.swift */,
				52C033E08AECBD47AD2DDE91 /* TodayDashboard.swift */,
				48AB56CF93ABBF177209B6EC /* TodayScreen.swift */,
				79A6C2E1D6693086EF6FA890 /* Customers */,
				52766CED171A97857143FDDF /* DiagnosticVisit */,
				EB67165B623E7AFF822DA538 /* Orders */,
				4AA62F3A2221A77945BF2487 /* Route */,
				704449C96800B52B92293C4D /* Supervision */,
				238AB9FAEF97250A7BD64C20 /* SyncStatus */,
			);
			path = UI;
			sourceTree = "<group>";
		};
		9276DF0EF835B35ACF1C0BDE /* Orders */ = {
			isa = PBXGroup;
			children = (
				203E8C18A1C33A59C13232B9 /* OrderDraft.swift */,
				0232CDA50AA2025D76A73E4A /* OrderSubmission.swift */,
			);
			path = Orders;
			sourceTree = "<group>";
		};
		9585BADF164508B23BC159F8 /* Config */ = {
			isa = PBXGroup;
			children = (
				1137443AA8CB19695F43F19E /* Dev.xcconfig */,
			);
			path = Config;
			sourceTree = "<group>";
		};
		9C791D7E660C7EAF29F55624 /* Diagnostics */ = {
			isa = PBXGroup;
			children = (
				B93C72F0B9A97637FC1D0062 /* DeviceDiagnostics.swift */,
				11A0A93E36484BC384ADCD19 /* SupportInfo.swift */,
			);
			path = Diagnostics;
			sourceTree = "<group>";
		};
		9CB64D577D9021C21C3BC631 /* Device */ = {
			isa = PBXGroup;
			children = (
				160B275247E3A5924861969B /* DeviceKey.swift */,
				58B7CCC550A3AFB371BE691A /* Enrollment.swift */,
				5346E87A86751D4CA1ADD0EE /* RequestSigner.swift */,
			);
			path = Device;
			sourceTree = "<group>";
		};
		B54F63CC658DE52485D50D15 /* Products */ = {
			isa = PBXGroup;
			children = (
				2A61F2253C7ADE1EFCA16D50 /* FieldIOS.app */,
				CB35C09814D6360660C64B8D /* FieldIOSTests.xctest */,
				D753F93483B737E31248F64A /* FieldIOSUITests.xctest */,
			);
			name = Products;
			sourceTree = "<group>";
		};
		CE5DE472765B8EF50D6282D0 /* Storage */ = {
			isa = PBXGroup;
			children = (
				8AD96B1A70BA8246D0F2CCCB /* FieldStore.swift */,
			);
			path = Storage;
			sourceTree = "<group>";
		};
		D37A6BE981E2E46D22B1C74F /* Contracts */ = {
			isa = PBXGroup;
			children = (
				570AC8D271EED929F429C1FC /* AccountSummary.swift */,
				D39063EF6CE3A5BE2190F4F2 /* ActivityForms.swift */,
				3AC500217A755E119ECC80EC /* ActivityRules.swift */,
				D9096C036A0AF31336E412AC /* BootstrapV1.swift */,
				2940D6571ED66ECA44D1992C /* CallSheet.swift */,
				6E57017428527439DC95AE4E /* EvidencePhotos.swift */,
				A8C971B1683E91AA45EED32C /* OrderTerms.swift */,
				0AFCBFADBB76F8CF1DBB9935 /* SuggestedOrder.swift */,
				AC0AF800FC6AF8CBFA9E75C9 /* VisitCompletion.swift */,
			);
			path = Contracts;
			sourceTree = "<group>";
		};
		D4BA2B8455DA6F35DB46FE07 /* Sync */ = {
			isa = PBXGroup;
			children = (
				A77AFFDE129DFE26E3DDA21E /* BootstrapClient.swift */,
				768EE84295679AB410817800 /* VisitSyncClient.swift */,
				703D312167685C0412C39035 /* Background */,
			);
			path = Sync;
			sourceTree = "<group>";
		};
		E67D3285ED98ED5F8AD72601 /* Evidence */ = {
			isa = PBXGroup;
			children = (
				A01764BD94E4DEB674232444 /* EvidenceUploader.swift */,
				EA2EA3F55ED332E61CE66DDA /* PhotoFiles.swift */,
			);
			path = Evidence;
			sourceTree = "<group>";
		};
		EB67165B623E7AFF822DA538 /* Orders */ = {
			isa = PBXGroup;
			children = (
				CBD705E267441E239AD86BB8 /* OrderDraftScreen.swift */,
				9BF1031A8AF5C132A1133C31 /* OrderReviewScreen.swift */,
			);
			path = Orders;
			sourceTree = "<group>";
		};
		EE65A434732E7C95EC46E634 /* Fixtures */ = {
			isa = PBXGroup;
			children = (
				7D5900677E6C2A5A588D21F8 /* request-proof.json */,
			);
			name = Fixtures;
			sourceTree = "<group>";
		};
		F4BABDD70B9888C4B2CAB0F4 /* Sources */ = {
			isa = PBXGroup;
			children = (
				106B1D5DCCE6766B43799673 /* App */,
				1D72856AF512788E2CF10945 /* Auth */,
				D37A6BE981E2E46D22B1C74F /* Contracts */,
				9CB64D577D9021C21C3BC631 /* Device */,
				9C791D7E660C7EAF29F55624 /* Diagnostics */,
				E67D3285ED98ED5F8AD72601 /* Evidence */,
				9276DF0EF835B35ACF1C0BDE /* Orders */,
				CE5DE472765B8EF50D6282D0 /* Storage */,
				567718A8BAD55BEDCD033E88 /* Supervision */,
				D4BA2B8455DA6F35DB46FE07 /* Sync */,
				7ED1588637F297CF94CEBB5B /* UI */,
			);
			path = Sources;
			sourceTree = "<group>";
		};
		F835B55635B96FE9BAB8DABF /* Support */ = {
			isa = PBXGroup;
			children = (
				4F11A6D0B6266CF3FDEB9ECA /* StubURLProtocol.swift */,
			);
			path = Support;
			sourceTree = "<group>";
		};
		FC5C85E7BC177D10399BF926 /* domain-contracts */ = {
			isa = PBXGroup;
			children = (
				4CE27D182FC5932AC2301876 /* fixtures */,
			);
			path = "domain-contracts";
			sourceTree = "<group>";
		};
/* End PBXGroup section */

/* Begin PBXNativeTarget section */
		061C61F21454511030229B40 /* FieldIOSTests */ = {
			isa = PBXNativeTarget;
			buildConfigurationList = AFA6055B6DFECE75D8D63AC4 /* Build configuration list for PBXNativeTarget "FieldIOSTests" */;
			buildPhases = (
				1F2D702DC703C35261553747 /* Sources */,
				1152B722EEFC9876CAAA45E0 /* Resources */,
			);
			buildRules = (
			);
			dependencies = (
				95B5879B19A0094166FE9207 /* PBXTargetDependency */,
			);
			name = FieldIOSTests;
			packageProductDependencies = (
			);
			productName = FieldIOSTests;
			productReference = CB35C09814D6360660C64B8D /* FieldIOSTests.xctest */;
			productType = "com.apple.product-type.bundle.unit-test";
		};
		2737A7A91EF26217732350A2 /* FieldIOSUITests */ = {
			isa = PBXNativeTarget;
			buildConfigurationList = 9A74C3BEC7A110A9B6B292A3 /* Build configuration list for PBXNativeTarget "FieldIOSUITests" */;
			buildPhases = (
				1173510A60A29AB8D4D53D4B /* Sources */,
			);
			buildRules = (
			);
			dependencies = (
				8C40C87D0AF5502022828327 /* PBXTargetDependency */,
			);
			name = FieldIOSUITests;
			packageProductDependencies = (
			);
			productName = FieldIOSUITests;
			productReference = D753F93483B737E31248F64A /* FieldIOSUITests.xctest */;
			productType = "com.apple.product-type.bundle.ui-testing";
		};
		EF18BFCEB53EA34520D005BE /* FieldIOS */ = {
			isa = PBXNativeTarget;
			buildConfigurationList = E9A2C34F9D3BD1FE398B2473 /* Build configuration list for PBXNativeTarget "FieldIOS" */;
			buildPhases = (
				B917D41B40CCFAF795260225 /* Sources */,
				1775D140ADDBF83248227833 /* Resources */,
				8414B1E09FFEB54CD0B133EC /* Frameworks */,
			);
			buildRules = (
			);
			dependencies = (
			);
			name = FieldIOS;
			packageProductDependencies = (
				AC26302E2781E047B9486E5D /* SQLCipher */,
			);
			productName = FieldIOS;
			productReference = 2A61F2253C7ADE1EFCA16D50 /* FieldIOS.app */;
			productType = "com.apple.product-type.application";
		};
/* End PBXNativeTarget section */

/* Begin PBXProject section */
		BFF5B8D29BCC2F927E2332E5 /* Project object */ = {
			isa = PBXProject;
			attributes = {
				BuildIndependentTargetsInParallel = YES;
				LastUpgradeCheck = 1430;
				TargetAttributes = {
					061C61F21454511030229B40 = {
						DevelopmentTeam = "";
						ProvisioningStyle = Manual;
					};
					2737A7A91EF26217732350A2 = {
						DevelopmentTeam = "";
						ProvisioningStyle = Manual;
						TestTargetID = EF18BFCEB53EA34520D005BE;
					};
					EF18BFCEB53EA34520D005BE = {
						DevelopmentTeam = "";
						ProvisioningStyle = Manual;
					};
				};
			};
			buildConfigurationList = F75AFA05993C2DCD1463EEED /* Build configuration list for PBXProject "FieldIOS" */;
			developmentRegion = en;
			hasScannedForEncodings = 0;
			knownRegions = (
				Base,
				en,
			);
			mainGroup = 4676AE00E28C23855873447B;
			minimizedProjectReferenceProxies = 1;
			packageReferences = (
				2DD73702B36D88FEF0097BA1 /* XCRemoteSwiftPackageReference "SQLCipher.swift" */,
			);
			preferredProjectObjectVersion = 77;
			productRefGroup = B54F63CC658DE52485D50D15 /* Products */;
			projectDirPath = "";
			projectRoot = "";
			targets = (
				EF18BFCEB53EA34520D005BE /* FieldIOS */,
				061C61F21454511030229B40 /* FieldIOSTests */,
				2737A7A91EF26217732350A2 /* FieldIOSUITests */,
			);
		};
/* End PBXProject section */

/* Begin PBXResourcesBuildPhase section */
		1152B722EEFC9876CAAA45E0 /* Resources */ = {
			isa = PBXResourcesBuildPhase;
			buildActionMask = 2147483647;
			files = (
				FE85D40D757F4E5418D07ADE /* bootstrap-account-summary-response.json in Resources */,
				BEEDB739F88975D6D2080153 /* bootstrap-activity-rules-response.json in Resources */,
				3D4869EAB48106A22F41BFBA /* bootstrap-call-sheet-response.json in Resources */,
				93DECB5A8AFD8FF81CF477D9 /* bootstrap-next-page.json in Resources */,
				5E0E8B1CE59C7DBE459359DE /* bootstrap-order-terms-response.json in Resources */,
				A2FFAE7CEA546A8AACDBDA99 /* bootstrap-photo-types-response.json in Resources */,
				C06F368BF3C08950AA3091F1 /* bootstrap-request.json in Resources */,
				171531F31AF24FEAD2530970 /* bootstrap-response.json in Resources */,
				490FAB2ECEB68A03A60CB2F4 /* error-device-revoked.json in Resources */,
				32BC1EB510F307DA4A1D3315 /* error-invalid-cursor.json in Resources */,
				3ACFCC355E1E051E4ABB80F6 /* error-rebootstrap-required.json in Resources */,
				61A51E989624D974ADB3A05F /* error-version-unsupported.json in Resources */,
				44FBFF840E7DF716C4E7502F /* for-outlet.json in Resources */,
				BA6E1EB554A878BB5CC75504 /* pull-request.json in Resources */,
				4161B8A1B39663F5D47C834A /* pull-response.json in Resources */,
				9838EC7740C30CD3F65CA9D4 /* push-call-sheet-request.json in Resources */,
				455BC3DC77308B8579B81D45 /* push-conflict-response.json in Resources */,
				9E7D420F204FA049893A8B40 /* push-planned-request.json in Resources */,
				4F80033D6A25761CA4349BB3 /* push-request.json in Resources */,
				904ACA589ACD7EBE3C24A873 /* push-response.json in Resources */,
				18A3D64B33FCA7069A8CA097 /* request-proof.json in Resources */,
				B78F4078A58E1E744E9CD41E /* unknown-response-enum.json in Resources */,
			);
			runOnlyForDeploymentPostprocessing = 0;
		};
		1775D140ADDBF83248227833 /* Resources */ = {
			isa = PBXResourcesBuildPhase;
			buildActionMask = 2147483647;
			files = (
				A5D4C22D5AAF13BD6E131095 /* README.md in Resources */,
			);
			runOnlyForDeploymentPostprocessing = 0;
		};
/* End PBXResourcesBuildPhase section */

/* Begin PBXSourcesBuildPhase section */
		1173510A60A29AB8D4D53D4B /* Sources */ = {
			isa = PBXSourcesBuildPhase;
			buildActionMask = 2147483647;
			files = (
				6E5A9E4B38E07C096089674E /* FieldIOSUITests.swift in Sources */,
			);
			runOnlyForDeploymentPostprocessing = 0;
		};
		1F2D702DC703C35261553747 /* Sources */ = {
			isa = PBXSourcesBuildPhase;
			buildActionMask = 2147483647;
			files = (
				73822FBBD3552646DD513D2C /* ActivityRulesTests.swift in Sources */,
				7A3DB86936D018D089DA9D55 /* AuthClientTests.swift in Sources */,
				D623AA666E445B70F06E4286 /* BiometricSignInTests.swift in Sources */,
				B9CB1F9595BF18411447620E /* BootstrapTests.swift in Sources */,
				484419BBDF9801E380B47DBC /* CallSheetTests.swift in Sources */,
				571B178147B6E3E104BA9303 /* ChaosSyncTests.swift in Sources */,
				DC1B6727F5D883AC9A4E241C /* ConvexFunctionsTests.swift in Sources */,
				02F803B2E047978CBA900C19 /* CustomerDirectoryTests.swift in Sources */,
				202ACDE9965B8233D862F667 /* EnrollmentTests.swift in Sources */,
				15D1F33EEC52A6403144B4D7 /* EvidencePhotosTests.swift in Sources */,
				1A31FB31DA2821804428C5D8 /* FieldDayCallTests.swift in Sources */,
				1DAC6BDA3CA11057321C149D /* FieldIOSTests.swift in Sources */,
				CBA378EFDA6DD086AF3DD832 /* OrderDraftTests.swift in Sources */,
				98AB7A5495931593CA5F4CCF /* OrderPricingTests.swift in Sources */,
				4E3BD2484E540D5C79C8914A /* OrderSubmissionTests.swift in Sources */,
				EB9F145074401E5B949144CF /* ReferenceDataTests.swift in Sources */,
				ED833DDB513936C536488DFF /* RequestSignerTests.swift in Sources */,
				B6C1D384493F4596DA0CE097 /* RouteScreenTests.swift in Sources */,
				CA75BA40598DC97C020E513C /* SecurityHygieneTests.swift in Sources */,
				1B04D06C36728973163262BA /* StorageTests.swift in Sources */,
				AE965CF2451DF21709DC5EB3 /* StubURLProtocol.swift in Sources */,
				21B5FF7A7CE9A4FEDF769461 /* SuggestedOrderTests.swift in Sources */,
				D8CA5082EEAA88C235A1B4AD /* SyncStatusDiagnosticsTests.swift in Sources */,
				D548B74509FAC835582D41A0 /* TeamAuthorizationEpochTests.swift in Sources */,
				69B1CE7BE915D11BBEFC4A25 /* TeamSummaryTests.swift in Sources */,
				8F492F730DDDB865B9C71A2D /* TodayDashboardTests.swift in Sources */,
				F73774D312A53BF21DE8779A /* TurnByTurnTests.swift in Sources */,
				A1C72C283C26A8EEE8022903 /* VisitCompletionTests.swift in Sources */,
				29EC1BBD3C5C7EC493E7F6EF /* VisitLocationTests.swift in Sources */,
				40A01E41B3D2AD453DED068A /* VisitSyncTests.swift in Sources */,
			);
			runOnlyForDeploymentPostprocessing = 0;
		};
		B917D41B40CCFAF795260225 /* Sources */ = {
			isa = PBXSourcesBuildPhase;
			buildActionMask = 2147483647;
			files = (
				89BC70BD1F6001CC39FF6BCD /* AccountScreen.swift in Sources */,
				5F7FF63872D4AB6F22D0ABDE /* AccountSummary.swift in Sources */,
				4A03784790F64D3E02CA01BD /* ActivityFormScreen.swift in Sources */,
				34691292CEA085E6E82111B3 /* ActivityForms.swift in Sources */,
				40A82C3760C3EB7D9AC99417 /* ActivityRules.swift in Sources */,
				4E5E84FFA3CC0B9FB9204B61 /* AppEnvironment.swift in Sources */,
				C38C66CA66E225B0964FBD37 /* AppModel.swift in Sources */,
				7A245815BC1605BD4C8609F4 /* AuthClient.swift in Sources */,
				7C05447D9086CD072D7D1C77 /* BackgroundRetry.swift in Sources */,
				217BEC3467657F6FFBFBFF2B /* BiometricGate.swift in Sources */,
				2F379174EE9686A0D901E4B4 /* BiometricSession.swift in Sources */,
				175FED769643F1295AF5F3CB /* BootstrapClient.swift in Sources */,
				B7E270651827014478F190BE /* BootstrapV1.swift in Sources */,
				296F893B61E8A5BD4F7DCE75 /* CallSheet.swift in Sources */,
				88EC02EB2A7A37BDE47BC202 /* CallSheetScreen.swift in Sources */,
				4EA5FE9BB6D34CC90FFD08CD /* CalmComponents.swift in Sources */,
				0CB8035598BB2A1C4F963E31 /* ConvexFunctions.swift in Sources */,
				244F57CC63B49B95384DA412 /* CustomerDirectory.swift in Sources */,
				02852C8DBAB61B0857F912E4 /* CustomerScreens.swift in Sources */,
				2D2AF89E1DE8A888F5B8C173 /* DailyRoute.swift in Sources */,
				75A7C263CA07E65AEF6DD1D1 /* DesignTokensPreview.swift in Sources */,
				B9930EFB61A77C838ACDCB7A /* DeviceDiagnostics.swift in Sources */,
				0BEFB2B58A9259F661FDC760 /* DeviceKey.swift in Sources */,
				91F5C66ED0720AEAE7975A75 /* DiagnosticOperation.swift in Sources */,
				E1792D6CFC59D318579A3A50 /* DiagnosticVisitScreen.swift in Sources */,
				CDB18FED2C2B99014C51B699 /* Enrollment.swift in Sources */,
				B6BC895EAA1F94BAD93D77DD /* EvidencePhotos.swift in Sources */,
				C1B60951881AFC1DE8275F70 /* EvidenceUploader.swift in Sources */,
				733E9950FCD06E634516E78E /* FieldIOSApp.swift in Sources */,
				FDB32474097B7BE3233DD03B /* FieldStore.swift in Sources */,
				A729B975C7C31FA68373F2A0 /* HTTPClient.swift in Sources */,
				16DBA2A7BFE691CBD3C886B7 /* KeychainBiometricCrypto.swift in Sources */,
				ACDA87F0B694E9C5EB111761 /* LocationCapture.swift in Sources */,
				C3B4DAC4A6906D261B137AA7 /* OrderDraft.swift in Sources */,
				2105A5A953023683EA6E77F6 /* OrderDraftScreen.swift in Sources */,
				9D1B4B6F75F235BF43B7A6C7 /* OrderReviewScreen.swift in Sources */,
				06B170C3489596E4CA922C54 /* OrderSubmission.swift in Sources */,
				2CD16D3ACE5DE7C6A97838A3 /* OrderTerms.swift in Sources */,
				BC9A8E6E9DFEACDEDA70CB87 /* PhotoCaptureScreen.swift in Sources */,
				D54F577162984015C518208A /* PhotoFiles.swift in Sources */,
				682CE21438CC325CF1A955A3 /* Redaction.swift in Sources */,
				AE5D9252C977345E2344110B /* RequestSigner.swift in Sources */,
				F375944EE365E45405FEB199 /* RouteScreen.swift in Sources */,
				CE08B1385A22CBEF081A54E1 /* SecureStore.swift in Sources */,
				0635E1F51801CA375D10E1E5 /* SignInShell.swift in Sources */,
				4192A817C9B71449CE92A730 /* StubBackend.swift in Sources */,
				2829545B0F64608A87B314DD /* SuggestedOrder.swift in Sources */,
				7C0C652561AF6AE17983B28B /* SuggestedOrderLoader.swift in Sources */,
				D0ECAFE17CE94651ED173031 /* SunprideTokens.swift in Sources */,
				B54D44E71FB8A694615029E1 /* SupportInfo.swift in Sources */,
				4D8F664E645626879B9AEA6C /* SupportInfoScreen.swift in Sources */,
				304EF591D286998ACDE79FD6 /* SyncStatus.swift in Sources */,
				FB02B73F8C0E0E858F84F28C /* TeamScreen.swift in Sources */,
				F1F40E99FA9C373ADE94DBE5 /* TeamSummary.swift in Sources */,
				BEAC157A1F183F1B797B3DD8 /* TodayDashboard.swift in Sources */,
				66152B7CC3D183BDF44BA0F9 /* TodayScreen.swift in Sources */,
				7036E2C72497CAD226429CCF /* TurnByTurn.swift in Sources */,
				8A556987873513B8A742E542 /* VisitCompletion.swift in Sources */,
				76F4C28D8EE6F363EA76CF91 /* VisitSyncClient.swift in Sources */,
			);
			runOnlyForDeploymentPostprocessing = 0;
		};
/* End PBXSourcesBuildPhase section */

/* Begin PBXTargetDependency section */
		8C40C87D0AF5502022828327 /* PBXTargetDependency */ = {
			isa = PBXTargetDependency;
			target = EF18BFCEB53EA34520D005BE /* FieldIOS */;
			targetProxy = 063944738B2FCD3900B1524A /* PBXContainerItemProxy */;
		};
		95B5879B19A0094166FE9207 /* PBXTargetDependency */ = {
			isa = PBXTargetDependency;
			target = EF18BFCEB53EA34520D005BE /* FieldIOS */;
			targetProxy = E1567C725C90403A29C0821C /* PBXContainerItemProxy */;
		};
/* End PBXTargetDependency section */

/* Begin XCBuildConfiguration section */
		1DA6486B2EF8A251B1D721A9 /* Debug-Dev */ = {
			isa = XCBuildConfiguration;
			baseConfigurationReference = 1137443AA8CB19695F43F19E /* Dev.xcconfig */;
			buildSettings = {
				ASSETCATALOG_COMPILER_APPICON_NAME = AppIcon;
				CODE_SIGN_IDENTITY = "iPhone Developer";
				GENERATE_INFOPLIST_FILE = NO;
				INFOPLIST_FILE = FieldIOS/Info.plist;
				LD_RUNPATH_SEARCH_PATHS = (
					"$(inherited)",
					"@executable_path/Frameworks",
				);
				PRODUCT_BUNDLE_IDENTIFIER = com.sunpride.field.dev;
				PRODUCT_MODULE_NAME = FieldIOS;
				PRODUCT_NAME = "Sunpride Field (Dev)";
				SDKROOT = iphoneos;
				TARGETED_DEVICE_FAMILY = "1,2";
			};
			name = "Debug-Dev";
		};
		31F59AA41E5312EA6D505914 /* Debug-Dev */ = {
			isa = XCBuildConfiguration;
			buildSettings = {
				BUNDLE_LOADER = "$(TEST_HOST)";
				GENERATE_INFOPLIST_FILE = YES;
				LD_RUNPATH_SEARCH_PATHS = (
					"$(inherited)",
					"@executable_path/Frameworks",
					"@loader_path/Frameworks",
				);
				PRODUCT_BUNDLE_IDENTIFIER = com.sunpride.field.dev.tests;
				SDKROOT = iphoneos;
				TARGETED_DEVICE_FAMILY = "1,2";
				TEST_HOST = "$(BUILT_PRODUCTS_DIR)/Sunpride Field (Dev).app/$(BUNDLE_EXECUTABLE_FOLDER_PATH)/Sunpride Field (Dev)";
			};
			name = "Debug-Dev";
		};
		39515563CF0984CE2A94EDE5 /* Debug */ = {
			isa = XCBuildConfiguration;
			baseConfigurationReference = 1137443AA8CB19695F43F19E /* Dev.xcconfig */;
			buildSettings = {
				ASSETCATALOG_COMPILER_APPICON_NAME = AppIcon;
				CODE_SIGN_IDENTITY = "iPhone Developer";
				GENERATE_INFOPLIST_FILE = NO;
				INFOPLIST_FILE = FieldIOS/Info.plist;
				LD_RUNPATH_SEARCH_PATHS = (
					"$(inherited)",
					"@executable_path/Frameworks",
				);
				PRODUCT_BUNDLE_IDENTIFIER = com.sunpride.field.dev;
				PRODUCT_MODULE_NAME = FieldIOS;
				PRODUCT_NAME = "Sunpride Field (Dev)";
				SDKROOT = iphoneos;
				TARGETED_DEVICE_FAMILY = "1,2";
			};
			name = Debug;
		};
		3AC3B0C9627C635A5C68ECF5 /* Debug-Dev */ = {
			isa = XCBuildConfiguration;
			buildSettings = {
				BUNDLE_LOADER = "$(TEST_HOST)";
				GENERATE_INFOPLIST_FILE = YES;
				LD_RUNPATH_SEARCH_PATHS = (
					"$(inherited)",
					"@executable_path/Frameworks",
					"@loader_path/Frameworks",
				);
				PRODUCT_BUNDLE_IDENTIFIER = com.sunpride.field.dev.uitests;
				SDKROOT = iphoneos;
				TARGETED_DEVICE_FAMILY = "1,2";
				TEST_TARGET_NAME = FieldIOS;
			};
			name = "Debug-Dev";
		};
		6046E8E61E885FB9DD5A0E11 /* Debug */ = {
			isa = XCBuildConfiguration;
			buildSettings = {
				ALWAYS_SEARCH_USER_PATHS = NO;
				CLANG_ANALYZER_NONNULL = YES;
				CLANG_ANALYZER_NUMBER_OBJECT_CONVERSION = YES_AGGRESSIVE;
				CLANG_CXX_LANGUAGE_STANDARD = "gnu++14";
				CLANG_CXX_LIBRARY = "libc++";
				CLANG_ENABLE_MODULES = YES;
				CLANG_ENABLE_OBJC_ARC = YES;
				CLANG_ENABLE_OBJC_WEAK = YES;
				CLANG_WARN_BLOCK_CAPTURE_AUTORELEASING = YES;
				CLANG_WARN_BOOL_CONVERSION = YES;
				CLANG_WARN_COMMA = YES;
				CLANG_WARN_CONSTANT_CONVERSION = YES;
				CLANG_WARN_DEPRECATED_OBJC_IMPLEMENTATIONS = YES;
				CLANG_WARN_DIRECT_OBJC_ISA_USAGE = YES_ERROR;
				CLANG_WARN_DOCUMENTATION_COMMENTS = YES;
				CLANG_WARN_EMPTY_BODY = YES;
				CLANG_WARN_ENUM_CONVERSION = YES;
				CLANG_WARN_INFINITE_RECURSION = YES;
				CLANG_WARN_INT_CONVERSION = YES;
				CLANG_WARN_NON_LITERAL_NULL_CONVERSION = YES;
				CLANG_WARN_OBJC_IMPLICIT_RETAIN_SELF = YES;
				CLANG_WARN_OBJC_LITERAL_CONVERSION = YES;
				CLANG_WARN_OBJC_ROOT_CLASS = YES_ERROR;
				CLANG_WARN_QUOTED_INCLUDE_IN_FRAMEWORK_HEADER = YES;
				CLANG_WARN_RANGE_LOOP_ANALYSIS = YES;
				CLANG_WARN_STRICT_PROTOTYPES = YES;
				CLANG_WARN_SUSPICIOUS_MOVE = YES;
				CLANG_WARN_UNGUARDED_AVAILABILITY = YES_AGGRESSIVE;
				CLANG_WARN_UNREACHABLE_CODE = YES;
				CLANG_WARN__DUPLICATE_METHOD_MATCH = YES;
				CODE_SIGNING_ALLOWED = NO;
				"CODE_SIGNING_ALLOWED[sdk=iphonesimulator*]" = YES;
				"CODE_SIGN_IDENTITY[sdk=iphonesimulator*]" = "-";
				CODE_SIGN_STYLE = Manual;
				COPY_PHASE_STRIP = NO;
				DEBUG_INFORMATION_FORMAT = dwarf;
				DEVELOPMENT_TEAM = "";
				ENABLE_STRICT_OBJC_MSGSEND = YES;
				ENABLE_TESTABILITY = YES;
				GCC_C_LANGUAGE_STANDARD = gnu11;
				GCC_DYNAMIC_NO_PIC = NO;
				GCC_NO_COMMON_BLOCKS = YES;
				GCC_OPTIMIZATION_LEVEL = 0;
				GCC_PREPROCESSOR_DEFINITIONS = (
					"$(inherited)",
					"DEBUG=1",
				);
				GCC_WARN_64_TO_32_BIT_CONVERSION = YES;
				GCC_WARN_ABOUT_RETURN_TYPE = YES_ERROR;
				GCC_WARN_UNDECLARED_SELECTOR = YES;
				GCC_WARN_UNINITIALIZED_AUTOS = YES_AGGRESSIVE;
				GCC_WARN_UNUSED_FUNCTION = YES;
				GCC_WARN_UNUSED_VARIABLE = YES;
				IPHONEOS_DEPLOYMENT_TARGET = 26.0;
				MTL_ENABLE_DEBUG_INFO = INCLUDE_SOURCE;
				MTL_FAST_MATH = YES;
				ONLY_ACTIVE_ARCH = YES;
				PRODUCT_NAME = "$(TARGET_NAME)";
				SDKROOT = iphoneos;
				SWIFT_ACTIVE_COMPILATION_CONDITIONS = DEBUG;
				SWIFT_OPTIMIZATION_LEVEL = "-Onone";
				SWIFT_VERSION = 6.0;
				TARGETED_DEVICE_FAMILY = "1,2";
			};
			name = Debug;
		};
		7626C958DF44B34F2BADE164 /* Debug */ = {
			isa = XCBuildConfiguration;
			buildSettings = {
				BUNDLE_LOADER = "$(TEST_HOST)";
				GENERATE_INFOPLIST_FILE = YES;
				LD_RUNPATH_SEARCH_PATHS = (
					"$(inherited)",
					"@executable_path/Frameworks",
					"@loader_path/Frameworks",
				);
				PRODUCT_BUNDLE_IDENTIFIER = com.sunpride.field.dev.tests;
				SDKROOT = iphoneos;
				TARGETED_DEVICE_FAMILY = "1,2";
				TEST_HOST = "$(BUILT_PRODUCTS_DIR)/Sunpride Field (Dev).app/$(BUNDLE_EXECUTABLE_FOLDER_PATH)/Sunpride Field (Dev)";
			};
			name = Debug;
		};
		7A6B14E26812BABDCCB3822B /* Debug */ = {
			isa = XCBuildConfiguration;
			buildSettings = {
				BUNDLE_LOADER = "$(TEST_HOST)";
				GENERATE_INFOPLIST_FILE = YES;
				LD_RUNPATH_SEARCH_PATHS = (
					"$(inherited)",
					"@executable_path/Frameworks",
					"@loader_path/Frameworks",
				);
				PRODUCT_BUNDLE_IDENTIFIER = com.sunpride.field.dev.uitests;
				SDKROOT = iphoneos;
				TARGETED_DEVICE_FAMILY = "1,2";
				TEST_TARGET_NAME = FieldIOS;
			};
			name = Debug;
		};
		9523DA115C037F51B7BE64F0 /* Debug-Dev */ = {
			isa = XCBuildConfiguration;
			buildSettings = {
				ALWAYS_SEARCH_USER_PATHS = NO;
				CLANG_ANALYZER_NONNULL = YES;
				CLANG_ANALYZER_NUMBER_OBJECT_CONVERSION = YES_AGGRESSIVE;
				CLANG_CXX_LANGUAGE_STANDARD = "gnu++14";
				CLANG_CXX_LIBRARY = "libc++";
				CLANG_ENABLE_MODULES = YES;
				CLANG_ENABLE_OBJC_ARC = YES;
				CLANG_ENABLE_OBJC_WEAK = YES;
				CLANG_WARN_BLOCK_CAPTURE_AUTORELEASING = YES;
				CLANG_WARN_BOOL_CONVERSION = YES;
				CLANG_WARN_COMMA = YES;
				CLANG_WARN_CONSTANT_CONVERSION = YES;
				CLANG_WARN_DEPRECATED_OBJC_IMPLEMENTATIONS = YES;
				CLANG_WARN_DIRECT_OBJC_ISA_USAGE = YES_ERROR;
				CLANG_WARN_DOCUMENTATION_COMMENTS = YES;
				CLANG_WARN_EMPTY_BODY = YES;
				CLANG_WARN_ENUM_CONVERSION = YES;
				CLANG_WARN_INFINITE_RECURSION = YES;
				CLANG_WARN_INT_CONVERSION = YES;
				CLANG_WARN_NON_LITERAL_NULL_CONVERSION = YES;
				CLANG_WARN_OBJC_IMPLICIT_RETAIN_SELF = YES;
				CLANG_WARN_OBJC_LITERAL_CONVERSION = YES;
				CLANG_WARN_OBJC_ROOT_CLASS = YES_ERROR;
				CLANG_WARN_QUOTED_INCLUDE_IN_FRAMEWORK_HEADER = YES;
				CLANG_WARN_RANGE_LOOP_ANALYSIS = YES;
				CLANG_WARN_STRICT_PROTOTYPES = YES;
				CLANG_WARN_SUSPICIOUS_MOVE = YES;
				CLANG_WARN_UNGUARDED_AVAILABILITY = YES_AGGRESSIVE;
				CLANG_WARN_UNREACHABLE_CODE = YES;
				CLANG_WARN__DUPLICATE_METHOD_MATCH = YES;
				CODE_SIGNING_ALLOWED = NO;
				"CODE_SIGNING_ALLOWED[sdk=iphonesimulator*]" = YES;
				"CODE_SIGN_IDENTITY[sdk=iphonesimulator*]" = "-";
				CODE_SIGN_STYLE = Manual;
				COPY_PHASE_STRIP = NO;
				DEBUG_INFORMATION_FORMAT = dwarf;
				DEVELOPMENT_TEAM = "";
				ENABLE_STRICT_OBJC_MSGSEND = YES;
				ENABLE_TESTABILITY = YES;
				GCC_C_LANGUAGE_STANDARD = gnu11;
				GCC_DYNAMIC_NO_PIC = NO;
				GCC_NO_COMMON_BLOCKS = YES;
				GCC_OPTIMIZATION_LEVEL = 0;
				GCC_PREPROCESSOR_DEFINITIONS = (
					"$(inherited)",
					"DEBUG=1",
				);
				GCC_WARN_64_TO_32_BIT_CONVERSION = YES;
				GCC_WARN_ABOUT_RETURN_TYPE = YES_ERROR;
				GCC_WARN_UNDECLARED_SELECTOR = YES;
				GCC_WARN_UNINITIALIZED_AUTOS = YES_AGGRESSIVE;
				GCC_WARN_UNUSED_FUNCTION = YES;
				GCC_WARN_UNUSED_VARIABLE = YES;
				IPHONEOS_DEPLOYMENT_TARGET = 26.0;
				MTL_ENABLE_DEBUG_INFO = INCLUDE_SOURCE;
				MTL_FAST_MATH = YES;
				ONLY_ACTIVE_ARCH = YES;
				PRODUCT_NAME = "$(TARGET_NAME)";
				SDKROOT = iphoneos;
				SWIFT_ACTIVE_COMPILATION_CONDITIONS = DEBUG;
				SWIFT_OPTIMIZATION_LEVEL = "-Onone";
				SWIFT_VERSION = 6.0;
				TARGETED_DEVICE_FAMILY = "1,2";
			};
			name = "Debug-Dev";
		};
		AB4EBAA909B8DD89E66CF99C /* Release */ = {
			isa = XCBuildConfiguration;
			buildSettings = {
				ALWAYS_SEARCH_USER_PATHS = NO;
				CLANG_ANALYZER_NONNULL = YES;
				CLANG_ANALYZER_NUMBER_OBJECT_CONVERSION = YES_AGGRESSIVE;
				CLANG_CXX_LANGUAGE_STANDARD = "gnu++14";
				CLANG_CXX_LIBRARY = "libc++";
				CLANG_ENABLE_MODULES = YES;
				CLANG_ENABLE_OBJC_ARC = YES;
				CLANG_ENABLE_OBJC_WEAK = YES;
				CLANG_WARN_BLOCK_CAPTURE_AUTORELEASING = YES;
				CLANG_WARN_BOOL_CONVERSION = YES;
				CLANG_WARN_COMMA = YES;
				CLANG_WARN_CONSTANT_CONVERSION = YES;
				CLANG_WARN_DEPRECATED_OBJC_IMPLEMENTATIONS = YES;
				CLANG_WARN_DIRECT_OBJC_ISA_USAGE = YES_ERROR;
				CLANG_WARN_DOCUMENTATION_COMMENTS = YES;
				CLANG_WARN_EMPTY_BODY = YES;
				CLANG_WARN_ENUM_CONVERSION = YES;
				CLANG_WARN_INFINITE_RECURSION = YES;
				CLANG_WARN_INT_CONVERSION = YES;
				CLANG_WARN_NON_LITERAL_NULL_CONVERSION = YES;
				CLANG_WARN_OBJC_IMPLICIT_RETAIN_SELF = YES;
				CLANG_WARN_OBJC_LITERAL_CONVERSION = YES;
				CLANG_WARN_OBJC_ROOT_CLASS = YES_ERROR;
				CLANG_WARN_QUOTED_INCLUDE_IN_FRAMEWORK_HEADER = YES;
				CLANG_WARN_RANGE_LOOP_ANALYSIS = YES;
				CLANG_WARN_STRICT_PROTOTYPES = YES;
				CLANG_WARN_SUSPICIOUS_MOVE = YES;
				CLANG_WARN_UNGUARDED_AVAILABILITY = YES_AGGRESSIVE;
				CLANG_WARN_UNREACHABLE_CODE = YES;
				CLANG_WARN__DUPLICATE_METHOD_MATCH = YES;
				CODE_SIGNING_ALLOWED = NO;
				"CODE_SIGNING_ALLOWED[sdk=iphonesimulator*]" = YES;
				"CODE_SIGN_IDENTITY[sdk=iphonesimulator*]" = "-";
				CODE_SIGN_STYLE = Manual;
				COPY_PHASE_STRIP = NO;
				DEBUG_INFORMATION_FORMAT = "dwarf-with-dsym";
				DEVELOPMENT_TEAM = "";
				ENABLE_NS_ASSERTIONS = NO;
				ENABLE_STRICT_OBJC_MSGSEND = YES;
				GCC_C_LANGUAGE_STANDARD = gnu11;
				GCC_NO_COMMON_BLOCKS = YES;
				GCC_WARN_64_TO_32_BIT_CONVERSION = YES;
				GCC_WARN_ABOUT_RETURN_TYPE = YES_ERROR;
				GCC_WARN_UNDECLARED_SELECTOR = YES;
				GCC_WARN_UNINITIALIZED_AUTOS = YES_AGGRESSIVE;
				GCC_WARN_UNUSED_FUNCTION = YES;
				GCC_WARN_UNUSED_VARIABLE = YES;
				IPHONEOS_DEPLOYMENT_TARGET = 26.0;
				MTL_ENABLE_DEBUG_INFO = NO;
				MTL_FAST_MATH = YES;
				PRODUCT_NAME = "$(TARGET_NAME)";
				SDKROOT = iphoneos;
				SWIFT_COMPILATION_MODE = wholemodule;
				SWIFT_OPTIMIZATION_LEVEL = "-O";
				SWIFT_VERSION = 6.0;
				TARGETED_DEVICE_FAMILY = "1,2";
			};
			name = Release;
		};
		C432E9D4A5C3EBF78BA20492 /* Release */ = {
			isa = XCBuildConfiguration;
			buildSettings = {
				BUNDLE_LOADER = "$(TEST_HOST)";
				GENERATE_INFOPLIST_FILE = YES;
				LD_RUNPATH_SEARCH_PATHS = (
					"$(inherited)",
					"@executable_path/Frameworks",
					"@loader_path/Frameworks",
				);
				PRODUCT_BUNDLE_IDENTIFIER = com.sunpride.field.dev.uitests;
				SDKROOT = iphoneos;
				TARGETED_DEVICE_FAMILY = "1,2";
				TEST_TARGET_NAME = FieldIOS;
			};
			name = Release;
		};
		FB756428F35C5D1A1F2E67E4 /* Release */ = {
			isa = XCBuildConfiguration;
			baseConfigurationReference = 1137443AA8CB19695F43F19E /* Dev.xcconfig */;
			buildSettings = {
				ASSETCATALOG_COMPILER_APPICON_NAME = AppIcon;
				CODE_SIGN_IDENTITY = "iPhone Developer";
				GENERATE_INFOPLIST_FILE = NO;
				INFOPLIST_FILE = FieldIOS/Info.plist;
				LD_RUNPATH_SEARCH_PATHS = (
					"$(inherited)",
					"@executable_path/Frameworks",
				);
				PRODUCT_BUNDLE_IDENTIFIER = com.sunpride.field.dev;
				PRODUCT_MODULE_NAME = FieldIOS;
				PRODUCT_NAME = "Sunpride Field (Dev)";
				SDKROOT = iphoneos;
				TARGETED_DEVICE_FAMILY = "1,2";
			};
			name = Release;
		};
		FE0BC703AD0C7898C4B13E71 /* Release */ = {
			isa = XCBuildConfiguration;
			buildSettings = {
				BUNDLE_LOADER = "$(TEST_HOST)";
				GENERATE_INFOPLIST_FILE = YES;
				LD_RUNPATH_SEARCH_PATHS = (
					"$(inherited)",
					"@executable_path/Frameworks",
					"@loader_path/Frameworks",
				);
				PRODUCT_BUNDLE_IDENTIFIER = com.sunpride.field.dev.tests;
				SDKROOT = iphoneos;
				TARGETED_DEVICE_FAMILY = "1,2";
				TEST_HOST = "$(BUILT_PRODUCTS_DIR)/Sunpride Field (Dev).app/$(BUNDLE_EXECUTABLE_FOLDER_PATH)/Sunpride Field (Dev)";
			};
			name = Release;
		};
/* End XCBuildConfiguration section */

/* Begin XCConfigurationList section */
		9A74C3BEC7A110A9B6B292A3 /* Build configuration list for PBXNativeTarget "FieldIOSUITests" */ = {
			isa = XCConfigurationList;
			buildConfigurations = (
				7A6B14E26812BABDCCB3822B /* Debug */,
				3AC3B0C9627C635A5C68ECF5 /* Debug-Dev */,
				C432E9D4A5C3EBF78BA20492 /* Release */,
			);
			defaultConfigurationIsVisible = 0;
			defaultConfigurationName = Debug;
		};
		AFA6055B6DFECE75D8D63AC4 /* Build configuration list for PBXNativeTarget "FieldIOSTests" */ = {
			isa = XCConfigurationList;
			buildConfigurations = (
				7626C958DF44B34F2BADE164 /* Debug */,
				31F59AA41E5312EA6D505914 /* Debug-Dev */,
				FE0BC703AD0C7898C4B13E71 /* Release */,
			);
			defaultConfigurationIsVisible = 0;
			defaultConfigurationName = Debug;
		};
		E9A2C34F9D3BD1FE398B2473 /* Build configuration list for PBXNativeTarget "FieldIOS" */ = {
			isa = XCConfigurationList;
			buildConfigurations = (
				39515563CF0984CE2A94EDE5 /* Debug */,
				1DA6486B2EF8A251B1D721A9 /* Debug-Dev */,
				FB756428F35C5D1A1F2E67E4 /* Release */,
			);
			defaultConfigurationIsVisible = 0;
			defaultConfigurationName = Debug;
		};
		F75AFA05993C2DCD1463EEED /* Build configuration list for PBXProject "FieldIOS" */ = {
			isa = XCConfigurationList;
			buildConfigurations = (
				6046E8E61E885FB9DD5A0E11 /* Debug */,
				9523DA115C037F51B7BE64F0 /* Debug-Dev */,
				AB4EBAA909B8DD89E66CF99C /* Release */,
			);
			defaultConfigurationIsVisible = 0;
			defaultConfigurationName = Debug;
		};
/* End XCConfigurationList section */

/* Begin XCRemoteSwiftPackageReference section */
		2DD73702B36D88FEF0097BA1 /* XCRemoteSwiftPackageReference "SQLCipher.swift" */ = {
			isa = XCRemoteSwiftPackageReference;
			repositoryURL = "https://github.com/sqlcipher/SQLCipher.swift.git";
			requirement = {
				kind = exactVersion;
				version = 4.10.0;
			};
		};
/* End XCRemoteSwiftPackageReference section */

/* Begin XCSwiftPackageProductDependency section */
		AC26302E2781E047B9486E5D /* SQLCipher */ = {
			isa = XCSwiftPackageProductDependency;
			package = 2DD73702B36D88FEF0097BA1 /* XCRemoteSwiftPackageReference "SQLCipher.swift" */;
			productName = SQLCipher;
		};
/* End XCSwiftPackageProductDependency section */
	};
	rootObject = BFF5B8D29BCC2F927E2332E5 /* Project object */;
}
